<?xml version="1.0" encoding="utf-8"?>
<Project ToolsVersion="4.0" xmlns="http://schemas.microsoft.com/developer/msbuild/2003">
  <ItemGroup>
    <Filter Include="Source Files">
      <UniqueIdentifier>{4FC737F1-C7A5-4376-A066-2A32D752A2FF}</UniqueIdentifier>
      <Extensions>cpp;c;cc;cxx;def;odl;idl;hpj;bat;asm;asmx</Extensions>
    </Filter>
    <Filter Include="Header Files">
      <UniqueIdentifier>{93995380-89BD-4b04-88EB-625FBE52EBFB}</UniqueIdentifier>
      <Extensions>h;hpp;hxx;hm;inl;inc;xsd</Extensions>
    </Filter>
    <Filter Include="Resource Files">
      <UniqueIdentifier>{67DA6AB6-F800-4c08-8B7A-83BB121AAD01}</UniqueIdentifier>
      <Extensions>rc;ico;cur;bmp;dlg;rc2;rct;bin;rgs;gif;jpg;jpeg;jpe;resx;tiff;tif;png;wav;mfcribbon-ms</Extensions>
    </Filter>
  </ItemGroup>
  <ItemGroup>
    <ClInclude Include="stdafx.h">
      <Filter>Header Files</Filter>
    </ClInclude>
    <ClInclude Include="targetver.h">
      <Filter>Header Files</Filter>
    </ClInclude>
    <ClInclude Include="Box.h">
      <Filter>Header Files</Filter>
    </ClInclude>
    <ClInclude Include="MediaDataBox.h">
      <Filter>Header Files</Filter>
    </ClInclude>
    <ClInclude Include="FileTypeBox.h">
      <Filter>Header Files</Filter>
    </ClInclude>
    <ClInclude Include="Brand.h">
      <Filter>Header Files</Filter>
    </ClInclude>
    <ClInclude Include="BrandCollection.h">
      <Filter>Header Files</Filter>
    </ClInclude>
    <ClInclude Include="FullBox.h">
      <Filter>Header Files</Filter>
    </ClInclude>
    <ClInclude Include="BoxConstants.h">
      <Filter>Header Files</Filter>
    </ClInclude>
    <ClInclude Include="BufferHelper.h">
      <Filter>Header Files</Filter>
    </ClInclude>
    <ClInclude Include="MovieBox.h">
      <Filter>Header Files</Filter>
    </ClInclude>
    <ClInclude Include="MovieHeaderBox.h">
      <Filter>Header Files</Filter>
    </ClInclude>
    <ClInclude Include="FixedPointNumber.h">
      <Filter>Header Files</Filter>
    </ClInclude>
    <ClInclude Include="Matrix.h">
      <Filter>Header Files</Filter>
    </ClInclude>
    <ClInclude Include="BoxCollection.h">
      <Filter>Header Files</Filter>
    </ClInclude>
    <ClInclude Include="BoxFactory.h">
      <Filter>Header Files</Filter>
    </ClInclude>
    <ClInclude Include="UserDataBox.h">
      <Filter>Header Files</Filter>
    </ClInclude>
    <ClInclude Include="MetaBox.h">
      <Filter>Header Files</Filter>
    </ClInclude>
    <ClInclude Include="HandlerBox.h">
      <Filter>Header Files</Filter>
    </ClInclude>
    <ClInclude Include="TrackBox.h">
      <Filter>Header Files</Filter>
    </ClInclude>
    <ClInclude Include="TrackHeaderBox.h">
      <Filter>Header Files</Filter>
    </ClInclude>
    <ClInclude Include="MediaBox.h">
      <Filter>Header Files</Filter>
    </ClInclude>
    <ClInclude Include="MediaHeaderBox.h">
      <Filter>Header Files</Filter>
    </ClInclude>
    <ClInclude Include="MediaInformationBox.h">
      <Filter>Header Files</Filter>
    </ClInclude>
    <ClInclude Include="DataInformationBox.h">
      <Filter>Header Files</Filter>
    </ClInclude>
    <ClInclude Include="DataEntryUrlBox.h">
      <Filter>Header Files</Filter>
    </ClInclude>
    <ClInclude Include="DataEntryUrnBox.h">
      <Filter>Header Files</Filter>
    </ClInclude>
    <ClInclude Include="DataReferenceBox.h">
      <Filter>Header Files</Filter>
    </ClInclude>
    <ClInclude Include="DataEntryBox.h">
      <Filter>Header Files</Filter>
    </ClInclude>
    <ClInclude Include="DataEntryBoxCollection.h">
      <Filter>Header Files</Filter>
    </ClInclude>
    <ClInclude Include="VideoMediaHeaderBox.h">
      <Filter>Header Files</Filter>
    </ClInclude>
    <ClInclude Include="SoundMediaHeaderBox.h">
      <Filter>Header Files</Filter>
    </ClInclude>
    <ClInclude Include="HintMediaHeaderBox.h">
      <Filter>Header Files</Filter>
    </ClInclude>
    <ClInclude Include="NullMediaHeaderBox.h">
      <Filter>Header Files</Filter>
    </ClInclude>
    <ClInclude Include="SampleTableBox.h">
      <Filter>Header Files</Filter>
    </ClInclude>
    <ClInclude Include="MediaInformationBoxFactory.h">
      <Filter>Header Files</Filter>
    </ClInclude>
    <ClInclude Include="SampleEntryBox.h">
      <Filter>Header Files</Filter>
    </ClInclude>
    <ClInclude Include="AudioSampleEntryBox.h">
      <Filter>Header Files</Filter>
    </ClInclude>
    <ClInclude Include="SampleDescriptionBox.h">
      <Filter>Header Files</Filter>
    </ClInclude>
    <ClInclude Include="SampleEntryBoxCollection.h">
      <Filter>Header Files</Filter>
    </ClInclude>
    <ClInclude Include="SampleEntryBoxFactory.h">
      <Filter>Header Files</Filter>
    </ClInclude>
    <ClInclude Include="PixelAspectRatioBox.h">
      <Filter>Header Files</Filter>
    </ClInclude>
    <ClInclude Include="CleanApertureBox.h">
      <Filter>Header Files</Filter>
    </ClInclude>
    <ClInclude Include="VisualSampleEntryBox.h">
      <Filter>Header Files</Filter>
    </ClInclude>
    <ClInclude Include="BitRateBox.h">
      <Filter>Header Files</Filter>
    </ClInclude>
    <ClInclude Include="ChunkOffset.h">
      <Filter>Header Files</Filter>
    </ClInclude>
    <ClInclude Include="ChunkOffsetCollection.h">
      <Filter>Header Files</Filter>
    </ClInclude>
    <ClInclude Include="ChunkOffsetBox.h">
      <Filter>Header Files</Filter>
    </ClInclude>
    <ClInclude Include="ChunkLargeOffsetBox.h">
      <Filter>Header Files</Filter>
    </ClInclude>
  </ItemGroup>
  <ItemGroup>
    <ClCompile Include="stdafx.cpp">
      <Filter>Source Files</Filter>
    </ClCompile>
    <ClCompile Include="Box.cpp">
      <Filter>Source Files</Filter>
    </ClCompile>
    <ClCompile Include="MediaDataBox.cpp">
      <Filter>Source Files</Filter>
    </ClCompile>
    <ClCompile Include="FileTypeBox.cpp">
      <Filter>Source Files</Filter>
    </ClCompile>
    <ClCompile Include="Brand.cpp">
      <Filter>Source Files</Filter>
    </ClCompile>
    <ClCompile Include="BrandCollection.cpp">
      <Filter>Source Files</Filter>
    </ClCompile>
    <ClCompile Include="FullBox.cpp">
      <Filter>Source Files</Filter>
    </ClCompile>
    <ClCompile Include="MovieBox.cpp">
      <Filter>Source Files</Filter>
    </ClCompile>
    <ClCompile Include="MovieHeaderBox.cpp">
      <Filter>Source Files</Filter>
    </ClCompile>
    <ClCompile Include="FixedPointNumber.cpp">
      <Filter>Source Files</Filter>
    </ClCompile>
    <ClCompile Include="Matrix.cpp">
      <Filter>Source Files</Filter>
    </ClCompile>
    <ClCompile Include="BoxCollection.cpp">
      <Filter>Source Files</Filter>
    </ClCompile>
    <ClCompile Include="BoxFactory.cpp">
      <Filter>Source Files</Filter>
    </ClCompile>
    <ClCompile Include="UserDataBox.cpp">
      <Filter>Source Files</Filter>
    </ClCompile>
    <ClCompile Include="MetaBox.cpp">
      <Filter>Source Files</Filter>
    </ClCompile>
    <ClCompile Include="HandlerBox.cpp">
      <Filter>Source Files</Filter>
    </ClCompile>
    <ClCompile Include="TrackBox.cpp">
      <Filter>Source Files</Filter>
    </ClCompile>
    <ClCompile Include="TrackHeaderBox.cpp">
      <Filter>Source Files</Filter>
    </ClCompile>
    <ClCompile Include="MediaBox.cpp">
      <Filter>Source Files</Filter>
    </ClCompile>
    <ClCompile Include="MediaHeaderBox.cpp">
      <Filter>Source Files</Filter>
    </ClCompile>
    <ClCompile Include="MediaInformationBox.cpp">
      <Filter>Source Files</Filter>
    </ClCompile>
    <ClCompile Include="DataInformationBox.cpp">
      <Filter>Source Files</Filter>
    </ClCompile>
    <ClCompile Include="DataEntryUrlBox.cpp">
      <Filter>Source Files</Filter>
    </ClCompile>
    <ClCompile Include="DataEntryUrnBox.cpp">
      <Filter>Source Files</Filter>
    </ClCompile>
    <ClCompile Include="DataReferenceBox.cpp">
      <Filter>Source Files</Filter>
    </ClCompile>
    <ClCompile Include="DataEntryBox.cpp">
      <Filter>Source Files</Filter>
    </ClCompile>
    <ClCompile Include="DataEntryBoxCollection.cpp">
      <Filter>Source Files</Filter>
    </ClCompile>
    <ClCompile Include="VideoMediaHeaderBox.cpp">
      <Filter>Source Files</Filter>
    </ClCompile>
    <ClCompile Include="SoundMediaHeaderBox.cpp">
      <Filter>Source Files</Filter>
    </ClCompile>
    <ClCompile Include="HintMediaHeaderBox.cpp">
      <Filter>Source Files</Filter>
    </ClCompile>
    <ClCompile Include="NullMediaHeaderBox.cpp">
      <Filter>Source Files</Filter>
    </ClCompile>
    <ClCompile Include="SampleTableBox.cpp">
      <Filter>Source Files</Filter>
    </ClCompile>
    <ClCompile Include="MediaInformationBoxFactory.cpp">
      <Filter>Source Files</Filter>
    </ClCompile>
    <ClCompile Include="SampleEntryBox.cpp">
      <Filter>Source Files</Filter>
    </ClCompile>
    <ClCompile Include="AudioSampleEntryBox.cpp">
      <Filter>Source Files</Filter>
    </ClCompile>
    <ClCompile Include="SampleDescriptionBox.cpp">
      <Filter>Source Files</Filter>
    </ClCompile>
    <ClCompile Include="SampleEntryBoxCollection.cpp">
      <Filter>Source Files</Filter>
    </ClCompile>
    <ClCompile Include="SampleEntryBoxFactory.cpp">
      <Filter>Source Files</Filter>
    </ClCompile>
    <ClCompile Include="PixelAspectRatioBox.cpp">
      <Filter>Source Files</Filter>
    </ClCompile>
    <ClCompile Include="CleanApertureBox.cpp">
      <Filter>Source Files</Filter>
    </ClCompile>
    <ClCompile Include="VisualSampleEntryBox.cpp">
      <Filter>Source Files</Filter>
    </ClCompile>
    <ClCompile Include="BitRateBox.cpp">
      <Filter>Source Files</Filter>
    </ClCompile>
    <ClCompile Include="ChunkOffset.cpp">
      <Filter>Source Files</Filter>
    </ClCompile>
    <ClCompile Include="ChunkOffsetCollection.cpp">
      <Filter>Source Files</Filter>
    </ClCompile>
    <ClCompile Include="ChunkOffsetBox.cpp">
      <Filter>Source Files</Filter>
    </ClCompile>
    <ClCompile Include="ChunkLargeOffsetBox.cpp">
      <Filter>Source Files</Filter>
    </ClCompile>
  </ItemGroup>
</Project>