
Microsoft Visual Studio Solution File, Format Version 12.00
# Visual Studio 2013
VisualStudioVersion = 12.0.40629.0
MinimumVisualStudioVersion = 10.0.40219.1
Project("{FAE04EC0-301F-11D3-BF4B-00C04F79EFBC}") = "OnlineVideos.MediaPortal2", "OnlineVideos.MediaPortal2\OnlineVideos.MediaPortal2.csproj", "{FA12B047-F5EC-4045-8D26-47C7B17B3B16}"
	ProjectSection(ProjectDependencies) = postProject
		{75F69467-7062-45CB-909A-7D9A5D7E4958} = {75F69467-7062-45CB-909A-7D9A5D7E4958}
		{022D3A7F-676E-4741-95D3-6E5D0223BFE4} = {022D3A7F-676E-4741-95D3-6E5D0223BFE4}
		{F1199685-8F68-4B99-A47B-BC8CA1817732} = {F1199685-8F68-4B99-A47B-BC8CA1817732}
	EndProjectSection
EndProject
Project("{FAE04EC0-301F-11D3-BF4B-00C04F79EFBC}") = "OnlineVideos", "OnlineVideos\OnlineVideos.csproj", "{E0D9D390-CDD6-4B98-86F3-6EB04A958882}"
EndProject
Project("{FAE04EC0-301F-11D3-BF4B-00C04F79EFBC}") = "OnlineVideos.WebAutomation.BrowserHost.MP2", "OnlineVideos.WebAutomation.BrowserHost\OnlineVideos.WebAutomation.BrowserHost.MP2.csproj", "{F1199685-8F68-4B99-A47B-BC8CA1817732}"
EndProject
Project("{FAE04EC0-301F-11D3-BF4B-00C04F79EFBC}") = "OnlineVideos.Sites.JSurf", "SiteUtilProjects\OnlineVideos.Sites.JSurf\OnlineVideos.Sites.JSurf.csproj", "{75F69467-7062-45CB-909A-7D9A5D7E4958}"
EndProject
Project("{2150E333-8FDC-42A3-9474-1A3956D46DE8}") = ".nuget", ".nuget", "{B43036EE-AE38-4C65-874F-2C0606096A91}"
	ProjectSection(SolutionItems) = preProject
		.nuget\packages.config = .nuget\packages.config
	EndProjectSection
EndProject
Project("{2150E333-8FDC-42A3-9474-1A3956D46DE8}") = "SiteUtilProjects", "SiteUtilProjects", "{8064E323-422F-4DB2-92A8-AFE3875F0E95}"
EndProject
Project("{2150E333-8FDC-42A3-9474-1A3956D46DE8}") = ".build", ".build", "{2D8D5910-41F3-48BF-9A5C-CF4A797C7F38}"
	ProjectSection(SolutionItems) = preProject
		Build\Version.txt = Build\Version.txt
	EndProjectSection
EndProject
Project("{FAE04EC0-301F-11D3-BF4B-00C04F79EFBC}") = "OnlineVideos.Sites.offbyone", "SiteUtilProjects\OnlineVideos.Sites.offbyone\OnlineVideos.Sites.offbyone.csproj", "{022D3A7F-676E-4741-95D3-6E5D0223BFE4}"
EndProject
Project("{FAE04EC0-301F-11D3-BF4B-00C04F79EFBC}") = "OnlineVideos.MediaPortal2.Interfaces", "OnlineVideos.MediaPortal2.Interfaces\OnlineVideos.MediaPortal2.Interfaces.csproj", "{F54CFB16-1599-4676-BED6-2AB1C6F4DE53}"
EndProject
Project("{FAE04EC0-301F-11D3-BF4B-00C04F79EFBC}") = "InputStreamPlayer", "OnlineVideos.InputStream\InputStreamPlayer\InputStreamPlayer.csproj", "{3171D2FF-4E7F-4413-B7A9-03AA7355DC68}"
EndProject
Project("{FAE04EC0-301F-11D3-BF4B-00C04F79EFBC}") = "InputStreamSourceFilter", "OnlineVideos.InputStream\InputStreamSourceFilter\InputStreamSourceFilter.csproj", "{E1DBE4EC-283B-4B94-AA14-BFCE0EFA67CF}"
EndProject
Project("{FAE04EC0-301F-11D3-BF4B-00C04F79EFBC}") = "libKODI_inputstream", "OnlineVideos.InputStream\libKODI_inputstream\libKODI_inputstream.csproj", "{D930CB01-1765-4892-99A4-845392FD3210}"
EndProject
Project("{FAE04EC0-301F-11D3-BF4B-00C04F79EFBC}") = "libXBMC_addon", "OnlineVideos.InputStream\libXBMC_addon\libXBMC_addon.csproj", "{227A18CA-CD85-47FA-997C-C1FFCB1E1A00}"
EndProject
Project("{FAE04EC0-301F-11D3-BF4B-00C04F79EFBC}") = "MediaPortalWrapper", "OnlineVideos.InputStream\MediaPortalWrapper\MediaPortalWrapper.csproj", "{47731721-BA8A-4295-BCCE-399E5C289B4E}"
EndProject
Project("{2150E333-8FDC-42A3-9474-1A3956D46DE8}") = "InputStream", "InputStream", "{6C556A69-5996-482E-8C9C-1B8C678E29CB}"
EndProject
Global
	GlobalSection(SolutionConfigurationPlatforms) = preSolution
		Debug|Any CPU = Debug|Any CPU
		Debug|x86 = Debug|x86
		Release|Any CPU = Release|Any CPU
		Release|x86 = Release|x86
	EndGlobalSection
	GlobalSection(ProjectConfigurationPlatforms) = postSolution
		{FA12B047-F5EC-4045-8D26-47C7B17B3B16}.Debug|Any CPU.ActiveCfg = Debug|Any CPU
		{FA12B047-F5EC-4045-8D26-47C7B17B3B16}.Debug|Any CPU.Build.0 = Debug|Any CPU
		{FA12B047-F5EC-4045-8D26-47C7B17B3B16}.Debug|x86.ActiveCfg = Debug|Any CPU
		{FA12B047-F5EC-4045-8D26-47C7B17B3B16}.Debug|x86.Build.0 = Debug|Any CPU
		{FA12B047-F5EC-4045-8D26-47C7B17B3B16}.Release|Any CPU.ActiveCfg = Release|Any CPU
		{FA12B047-F5EC-4045-8D26-47C7B17B3B16}.Release|Any CPU.Build.0 = Release|Any CPU
		{FA12B047-F5EC-4045-8D26-47C7B17B3B16}.Release|x86.ActiveCfg = Release|Any CPU
		{FA12B047-F5EC-4045-8D26-47C7B17B3B16}.Release|x86.Build.0 = Release|Any CPU
		{E0D9D390-CDD6-4B98-86F3-6EB04A958882}.Debug|Any CPU.ActiveCfg = Debug|Any CPU
		{E0D9D390-CDD6-4B98-86F3-6EB04A958882}.Debug|Any CPU.Build.0 = Debug|Any CPU
		{E0D9D390-CDD6-4B98-86F3-6EB04A958882}.Debug|x86.ActiveCfg = Debug|Any CPU
		{E0D9D390-CDD6-4B98-86F3-6EB04A958882}.Debug|x86.Build.0 = Debug|Any CPU
		{E0D9D390-CDD6-4B98-86F3-6EB04A958882}.Release|Any CPU.ActiveCfg = Release|Any CPU
		{E0D9D390-CDD6-4B98-86F3-6EB04A958882}.Release|Any CPU.Build.0 = Release|Any CPU
		{E0D9D390-CDD6-4B98-86F3-6EB04A958882}.Release|x86.ActiveCfg = Release|Any CPU
		{E0D9D390-CDD6-4B98-86F3-6EB04A958882}.Release|x86.Build.0 = Release|Any CPU
		{F1199685-8F68-4B99-A47B-BC8CA1817732}.Debug|Any CPU.ActiveCfg = Debug|Any CPU
		{F1199685-8F68-4B99-A47B-BC8CA1817732}.Debug|Any CPU.Build.0 = Debug|Any CPU
		{F1199685-8F68-4B99-A47B-BC8CA1817732}.Debug|x86.ActiveCfg = Debug|x86
		{F1199685-8F68-4B99-A47B-BC8CA1817732}.Debug|x86.Build.0 = Debug|x86
		{F1199685-8F68-4B99-A47B-BC8CA1817732}.Release|Any CPU.ActiveCfg = Release|Any CPU
		{F1199685-8F68-4B99-A47B-BC8CA1817732}.Release|Any CPU.Build.0 = Release|Any CPU
		{F1199685-8F68-4B99-A47B-BC8CA1817732}.Release|x86.ActiveCfg = Release|x86
		{F1199685-8F68-4B99-A47B-BC8CA1817732}.Release|x86.Build.0 = Release|x86
		{75F69467-7062-45CB-909A-7D9A5D7E4958}.Debug|Any CPU.ActiveCfg = Debug|Any CPU
		{75F69467-7062-45CB-909A-7D9A5D7E4958}.Debug|Any CPU.Build.0 = Debug|Any CPU
		{75F69467-7062-45CB-909A-7D9A5D7E4958}.Debug|x86.ActiveCfg = Debug|Any CPU
		{75F69467-7062-45CB-909A-7D9A5D7E4958}.Debug|x86.Build.0 = Debug|Any CPU
		{75F69467-7062-45CB-909A-7D9A5D7E4958}.Release|Any CPU.ActiveCfg = Release|Any CPU
		{75F69467-7062-45CB-909A-7D9A5D7E4958}.Release|Any CPU.Build.0 = Release|Any CPU
		{75F69467-7062-45CB-909A-7D9A5D7E4958}.Release|x86.ActiveCfg = Release|Any CPU
		{75F69467-7062-45CB-909A-7D9A5D7E4958}.Release|x86.Build.0 = Release|Any CPU
		{022D3A7F-676E-4741-95D3-6E5D0223BFE4}.Debug|Any CPU.ActiveCfg = Debug|Any CPU
		{022D3A7F-676E-4741-95D3-6E5D0223BFE4}.Debug|Any CPU.Build.0 = Debug|Any CPU
		{022D3A7F-676E-4741-95D3-6E5D0223BFE4}.Debug|x86.ActiveCfg = Debug|Any CPU
		{022D3A7F-676E-4741-95D3-6E5D0223BFE4}.Debug|x86.Build.0 = Debug|Any CPU
		{022D3A7F-676E-4741-95D3-6E5D0223BFE4}.Release|Any CPU.ActiveCfg = Release|Any CPU
		{022D3A7F-676E-4741-95D3-6E5D0223BFE4}.Release|Any CPU.Build.0 = Release|Any CPU
		{022D3A7F-676E-4741-95D3-6E5D0223BFE4}.Release|x86.ActiveCfg = Release|Any CPU
		{022D3A7F-676E-4741-95D3-6E5D0223BFE4}.Release|x86.Build.0 = Release|Any CPU
		{F54CFB16-1599-4676-BED6-2AB1C6F4DE53}.Debug|Any CPU.ActiveCfg = Debug|Any CPU
		{F54CFB16-1599-4676-BED6-2AB1C6F4DE53}.Debug|Any CPU.Build.0 = Debug|Any CPU
		{F54CFB16-1599-4676-BED6-2AB1C6F4DE53}.Debug|x86.ActiveCfg = Debug|Any CPU
		{F54CFB16-1599-4676-BED6-2AB1C6F4DE53}.Debug|x86.Build.0 = Debug|Any CPU
		{F54CFB16-1599-4676-BED6-2AB1C6F4DE53}.Release|Any CPU.ActiveCfg = Release|Any CPU
		{F54CFB16-1599-4676-BED6-2AB1C6F4DE53}.Release|Any CPU.Build.0 = Release|Any CPU
		{F54CFB16-1599-4676-BED6-2AB1C6F4DE53}.Release|x86.ActiveCfg = Release|Any CPU
		{F54CFB16-1599-4676-BED6-2AB1C6F4DE53}.Release|x86.Build.0 = Release|Any CPU
		{3171D2FF-4E7F-4413-B7A9-03AA7355DC68}.Debug|Any CPU.ActiveCfg = Debug|Any CPU
		{3171D2FF-4E7F-4413-B7A9-03AA7355DC68}.Debug|Any CPU.Build.0 = Debug|Any CPU
		{3171D2FF-4E7F-4413-B7A9-03AA7355DC68}.Debug|x86.ActiveCfg = Debug|x86
		{3171D2FF-4E7F-4413-B7A9-03AA7355DC68}.Debug|x86.Build.0 = Debug|x86
		{3171D2FF-4E7F-4413-B7A9-03AA7355DC68}.Release|Any CPU.ActiveCfg = Release|Any CPU
		{3171D2FF-4E7F-4413-B7A9-03AA7355DC68}.Release|Any CPU.Build.0 = Release|Any CPU
		{3171D2FF-4E7F-4413-B7A9-03AA7355DC68}.Release|x86.ActiveCfg = Release|x86
		{3171D2FF-4E7F-4413-B7A9-03AA7355DC68}.Release|x86.Build.0 = Release|x86
		{E1DBE4EC-283B-4B94-AA14-BFCE0EFA67CF}.Debug|Any CPU.ActiveCfg = Debug|x86
		{E1DBE4EC-283B-4B94-AA14-BFCE0EFA67CF}.Debug|x86.ActiveCfg = Debug|x86
		{E1DBE4EC-283B-4B94-AA14-BFCE0EFA67CF}.Debug|x86.Build.0 = Debug|x86
		{E1DBE4EC-283B-4B94-AA14-BFCE0EFA67CF}.Release|Any CPU.ActiveCfg = Release|x86
		{E1DBE4EC-283B-4B94-AA14-BFCE0EFA67CF}.Release|Any CPU.Build.0 = Release|x86
		{E1DBE4EC-283B-4B94-AA14-BFCE0EFA67CF}.Release|x86.ActiveCfg = Release|x86
		{E1DBE4EC-283B-4B94-AA14-BFCE0EFA67CF}.Release|x86.Build.0 = Release|x86
		{D930CB01-1765-4892-99A4-845392FD3210}.Debug|Any CPU.ActiveCfg = Debug|Any CPU
		{D930CB01-1765-4892-99A4-845392FD3210}.Debug|Any CPU.Build.0 = Debug|Any CPU
		{D930CB01-1765-4892-99A4-845392FD3210}.Debug|x86.ActiveCfg = Debug|x86
		{D930CB01-1765-4892-99A4-845392FD3210}.Debug|x86.Build.0 = Debug|x86
		{D930CB01-1765-4892-99A4-845392FD3210}.Release|Any CPU.ActiveCfg = Release|Any CPU
		{D930CB01-1765-4892-99A4-845392FD3210}.Release|Any CPU.Build.0 = Release|Any CPU
		{D930CB01-1765-4892-99A4-845392FD3210}.Release|x86.ActiveCfg = Release|x86
		{D930CB01-1765-4892-99A4-845392FD3210}.Release|x86.Build.0 = Release|x86
		{227A18CA-CD85-47FA-997C-C1FFCB1E1A00}.Debug|Any CPU.ActiveCfg = Debug|Any CPU
		{227A18CA-CD85-47FA-997C-C1FFCB1E1A00}.Debug|Any CPU.Build.0 = Debug|Any CPU
		{227A18CA-CD85-47FA-997C-C1FFCB1E1A00}.Debug|x86.ActiveCfg = Debug|x86
		{227A18CA-CD85-47FA-997C-C1FFCB1E1A00}.Debug|x86.Build.0 = Debug|x86
		{227A18CA-CD85-47FA-997C-C1FFCB1E1A00}.Release|Any CPU.ActiveCfg = Release|Any CPU
		{227A18CA-CD85-47FA-997C-C1FFCB1E1A00}.Release|Any CPU.Build.0 = Release|Any CPU
		{227A18CA-CD85-47FA-997C-C1FFCB1E1A00}.Release|x86.ActiveCfg = Release|x86
		{227A18CA-CD85-47FA-997C-C1FFCB1E1A00}.Release|x86.Build.0 = Release|x86
		{47731721-BA8A-4295-BCCE-399E5C289B4E}.Debug|Any CPU.ActiveCfg = Debug|Any CPU
		{47731721-BA8A-4295-BCCE-399E5C289B4E}.Debug|Any CPU.Build.0 = Debug|Any CPU
		{47731721-BA8A-4295-BCCE-399E5C289B4E}.Debug|x86.ActiveCfg = Debug|x86
		{47731721-BA8A-4295-BCCE-399E5C289B4E}.Debug|x86.Build.0 = Debug|x86
		{47731721-BA8A-4295-BCCE-399E5C289B4E}.Release|Any CPU.ActiveCfg = Release|Any CPU
		{47731721-BA8A-4295-BCCE-399E5C289B4E}.Release|Any CPU.Build.0 = Release|Any CPU
		{47731721-BA8A-4295-BCCE-399E5C289B4E}.Release|x86.ActiveCfg = Release|x86
		{47731721-BA8A-4295-BCCE-399E5C289B4E}.Release|x86.Build.0 = Release|x86
	EndGlobalSection
	GlobalSection(SolutionProperties) = preSolution
		HideSolutionNode = FALSE
	EndGlobalSection
	GlobalSection(NestedProjects) = preSolution
		{75F69467-7062-45CB-909A-7D9A5D7E4958} = {8064E323-422F-4DB2-92A8-AFE3875F0E95}
		{022D3A7F-676E-4741-95D3-6E5D0223BFE4} = {8064E323-422F-4DB2-92A8-AFE3875F0E95}
		{3171D2FF-4E7F-4413-B7A9-03AA7355DC68} = {6C556A69-5996-482E-8C9C-1B8C678E29CB}
		{E1DBE4EC-283B-4B94-AA14-BFCE0EFA67CF} = {6C556A69-5996-482E-8C9C-1B8C678E29CB}
		{D930CB01-1765-4892-99A4-845392FD3210} = {6C556A69-5996-482E-8C9C-1B8C678E29CB}
		{227A18CA-CD85-47FA-997C-C1FFCB1E1A00} = {6C556A69-5996-482E-8C9C-1B8C678E29CB}
		{47731721-BA8A-4295-BCCE-399E5C289B4E} = {6C556A69-5996-482E-8C9C-1B8C678E29CB}
	EndGlobalSection
EndGlobal
