
Microsoft Visual Studio Solution File, Format Version 11.00
# Visual Studio 2010
Project("{FAE04EC0-301F-11D3-BF4B-00C04F79EFBC}") = "Standalone", "Standalone\Standalone.csproj", "{7F3403C9-EFE4-41CF-BBCF-27A8D95A998A}"
EndProject
Project("{FAE04EC0-301F-11D3-BF4B-00C04F79EFBC}") = "OnlineVideos", "OnlineVideos\OnlineVideos.csproj", "{E0D9D390-CDD6-4B98-86F3-6EB04A958882}"
EndProject
Project("{930C7802-8A8C-48F9-8165-68863BCCD9DD}") = "StandaloneMSI", "Standalone.Setup\StandaloneMSI.wixproj", "{9B495B83-5932-476C-8872-5D7BEFBD3589}"
EndProject
Project("{930C7802-8A8C-48F9-8165-68863BCCD9DD}") = "StandaloneEXE", "Standalone.Bootstrapper\StandaloneEXE.wixproj", "{8C248BA5-5847-49CF-B6D9-67AB85FDC34E}"
EndProject
Global
	GlobalSection(SolutionConfigurationPlatforms) = preSolution
		Debug|Any CPU = Debug|Any CPU
		Debug|Mixed Platforms = Debug|Mixed Platforms
		Debug|x86 = Debug|x86
		Release|Any CPU = Release|Any CPU
		Release|Mixed Platforms = Release|Mixed Platforms
		Release|x86 = Release|x86
	EndGlobalSection
	GlobalSection(ProjectConfigurationPlatforms) = postSolution
		{7F3403C9-EFE4-41CF-BBCF-27A8D95A998A}.Debug|Any CPU.ActiveCfg = Debug|Any CPU
		{7F3403C9-EFE4-41CF-BBCF-27A8D95A998A}.Debug|Any CPU.Build.0 = Debug|Any CPU
		{7F3403C9-EFE4-41CF-BBCF-27A8D95A998A}.Debug|Mixed Platforms.ActiveCfg = Debug|Any CPU
		{7F3403C9-EFE4-41CF-BBCF-27A8D95A998A}.Debug|Mixed Platforms.Build.0 = Debug|Any CPU
		{7F3403C9-EFE4-41CF-BBCF-27A8D95A998A}.Debug|x86.ActiveCfg = Debug|Any CPU
		{7F3403C9-EFE4-41CF-BBCF-27A8D95A998A}.Release|Any CPU.ActiveCfg = Release|Any CPU
		{7F3403C9-EFE4-41CF-BBCF-27A8D95A998A}.Release|Any CPU.Build.0 = Release|Any CPU
		{7F3403C9-EFE4-41CF-BBCF-27A8D95A998A}.Release|Mixed Platforms.ActiveCfg = Release|Any CPU
		{7F3403C9-EFE4-41CF-BBCF-27A8D95A998A}.Release|Mixed Platforms.Build.0 = Release|Any CPU
		{7F3403C9-EFE4-41CF-BBCF-27A8D95A998A}.Release|x86.ActiveCfg = Release|Any CPU
		{E0D9D390-CDD6-4B98-86F3-6EB04A958882}.Debug|Any CPU.ActiveCfg = Debug|Any CPU
		{E0D9D390-CDD6-4B98-86F3-6EB04A958882}.Debug|Any CPU.Build.0 = Debug|Any CPU
		{E0D9D390-CDD6-4B98-86F3-6EB04A958882}.Debug|Mixed Platforms.ActiveCfg = Debug|Any CPU
		{E0D9D390-CDD6-4B98-86F3-6EB04A958882}.Debug|Mixed Platforms.Build.0 = Debug|Any CPU
		{E0D9D390-CDD6-4B98-86F3-6EB04A958882}.Debug|x86.ActiveCfg = Debug|Any CPU
		{E0D9D390-CDD6-4B98-86F3-6EB04A958882}.Release|Any CPU.ActiveCfg = Release|Any CPU
		{E0D9D390-CDD6-4B98-86F3-6EB04A958882}.Release|Any CPU.Build.0 = Release|Any CPU
		{E0D9D390-CDD6-4B98-86F3-6EB04A958882}.Release|Mixed Platforms.ActiveCfg = Release|Any CPU
		{E0D9D390-CDD6-4B98-86F3-6EB04A958882}.Release|Mixed Platforms.Build.0 = Release|Any CPU
		{E0D9D390-CDD6-4B98-86F3-6EB04A958882}.Release|x86.ActiveCfg = Release|Any CPU
		{9B495B83-5932-476C-8872-5D7BEFBD3589}.Debug|Any CPU.ActiveCfg = Debug|x86
		{9B495B83-5932-476C-8872-5D7BEFBD3589}.Debug|Mixed Platforms.ActiveCfg = Debug|x86
		{9B495B83-5932-476C-8872-5D7BEFBD3589}.Debug|Mixed Platforms.Build.0 = Debug|x86
		{9B495B83-5932-476C-8872-5D7BEFBD3589}.Debug|x86.ActiveCfg = Debug|x86
		{9B495B83-5932-476C-8872-5D7BEFBD3589}.Debug|x86.Build.0 = Debug|x86
		{9B495B83-5932-476C-8872-5D7BEFBD3589}.Release|Any CPU.ActiveCfg = Release|x86
		{9B495B83-5932-476C-8872-5D7BEFBD3589}.Release|Mixed Platforms.ActiveCfg = Release|x86
		{9B495B83-5932-476C-8872-5D7BEFBD3589}.Release|Mixed Platforms.Build.0 = Release|x86
		{9B495B83-5932-476C-8872-5D7BEFBD3589}.Release|x86.ActiveCfg = Release|x86
		{9B495B83-5932-476C-8872-5D7BEFBD3589}.Release|x86.Build.0 = Release|x86
		{8C248BA5-5847-49CF-B6D9-67AB85FDC34E}.Debug|Any CPU.ActiveCfg = Debug|x86
		{8C248BA5-5847-49CF-B6D9-67AB85FDC34E}.Debug|Mixed Platforms.ActiveCfg = Debug|x86
		{8C248BA5-5847-49CF-B6D9-67AB85FDC34E}.Debug|Mixed Platforms.Build.0 = Debug|x86
		{8C248BA5-5847-49CF-B6D9-67AB85FDC34E}.Debug|x86.ActiveCfg = Debug|x86
		{8C248BA5-5847-49CF-B6D9-67AB85FDC34E}.Debug|x86.Build.0 = Debug|x86
		{8C248BA5-5847-49CF-B6D9-67AB85FDC34E}.Release|Any CPU.ActiveCfg = Release|x86
		{8C248BA5-5847-49CF-B6D9-67AB85FDC34E}.Release|Mixed Platforms.ActiveCfg = Release|x86
		{8C248BA5-5847-49CF-B6D9-67AB85FDC34E}.Release|Mixed Platforms.Build.0 = Release|x86
		{8C248BA5-5847-49CF-B6D9-67AB85FDC34E}.Release|x86.ActiveCfg = Release|x86
		{8C248BA5-5847-49CF-B6D9-67AB85FDC34E}.Release|x86.Build.0 = Release|x86
	EndGlobalSection
	GlobalSection(SolutionProperties) = preSolution
		HideSolutionNode = FALSE
	EndGlobalSection
EndGlobal
