
Microsoft Visual Studio Solution File, Format Version 12.00
# Visual Studio 2012
Project("{2150E333-8FDC-42A3-9474-1A3956D46DE8}") = "Solution Items", "Solution Items", "{28BEFB3A-C1A1-427F-B156-83157F30EA3C}"
EndProject
Project("{2150E333-8FDC-42A3-9474-1A3956D46DE8}") = "SiteUtilProjects", "SiteUtilProjects", "{6B73364F-8850-4FD8-87DF-CA29321DF24E}"
EndProject
Project("{FAE04EC0-301F-11D3-BF4B-00C04F79EFBC}") = "OnlineVideos", "OnlineVideos\OnlineVideos.csproj", "{E0D9D390-CDD6-4B98-86F3-6EB04A958882}"
EndProject
Project("{FAE04EC0-301F-11D3-BF4B-00C04F79EFBC}") = "OnlineVideos.Sites.offbyone", "SiteUtilProjects\OnlineVideos.Sites.offbyone\OnlineVideos.Sites.offbyone.csproj", "{022D3A7F-676E-4741-95D3-6E5D0223BFE4}"
EndProject
Project("{FAE04EC0-301F-11D3-BF4B-00C04F79EFBC}") = "OnlineVideos.Sites.hioctane", "SiteUtilProjects\OnlineVideos.Sites.hioctane\OnlineVideos.Sites.hioctane.csproj", "{6562D25F-C02C-46B3-BD7C-63090C5CBFA7}"
EndProject
Project("{FAE04EC0-301F-11D3-BF4B-00C04F79EFBC}") = "OnlineVideos.Sites.doskabouter", "SiteUtilProjects\OnlineVideos.Sites.doskabouter\OnlineVideos.Sites.doskabouter.csproj", "{D43B3A93-FDF8-4B5C-8BD0-714FBBF9AF31}"
EndProject
Project("{FAE04EC0-301F-11D3-BF4B-00C04F79EFBC}") = "OnlineVideos.Sites.apondman", "SiteUtilProjects\OnlineVideos.Sites.apondman\OnlineVideos.Sites.apondman.csproj", "{D05B2288-6732-4211-9931-29C8511DC32F}"
EndProject
Project("{FAE04EC0-301F-11D3-BF4B-00C04F79EFBC}") = "SiteParser", "SiteParser\SiteParser.csproj", "{1DEAE4B4-70CB-41D1-AAF7-650B6E71DEB1}"
EndProject
Project("{FAE04EC0-301F-11D3-BF4B-00C04F79EFBC}") = "OnlineVideos.MediaPortal1", "OnlineVideos.MediaPortal1\OnlineVideos.MediaPortal1.csproj", "{F229AF99-6CB8-48C7-81EF-BDAD4C2F0EC7}"
EndProject
Project("{FAE04EC0-301F-11D3-BF4B-00C04F79EFBC}") = "OnlineVideos.Sites.pilehave", "SiteUtilProjects\OnlineVideos.Sites.pilehave\OnlineVideos.Sites.pilehave.csproj", "{3B158828-6940-4A5F-A6B6-23A7FD6CD524}"
EndProject
Project("{FAE04EC0-301F-11D3-BF4B-00C04F79EFBC}") = "OnlineVideos.Sites.SilentException", "SiteUtilProjects\OnlineVideos.Sites.SilentException\OnlineVideos.Sites.SilentException.csproj", "{D01E921D-961C-41E6-B8DD-B811F5BC5A76}"
EndProject
Project("{FAE04EC0-301F-11D3-BF4B-00C04F79EFBC}") = "OnlineVideos.Sites.diebagger", "SiteUtilProjects\OnlineVideos.Sites.diebagger\OnlineVideos.Sites.diebagger.csproj", "{44C2F4D7-0A9F-48EE-B471-C9110E1D9E58}"
EndProject
Project("{FAE04EC0-301F-11D3-BF4B-00C04F79EFBC}") = "OnlineVideos.Sites.titof", "SiteUtilProjects\OnlineVideos.Sites.titof\OnlineVideos.Sites.titof.csproj", "{E6000721-B061-4692-9BBB-652DD9E82B34}"
EndProject
Project("{FAE04EC0-301F-11D3-BF4B-00C04F79EFBC}") = "OnlineVideos.Sites.corporategadfly", "SiteUtilProjects\OnlineVideos.Sites.corporategadfly\OnlineVideos.Sites.corporategadfly.csproj", "{626487BA-7E28-4584-BC9F-46CEFB3FDE93}"
EndProject
Project("{FAE04EC0-301F-11D3-BF4B-00C04F79EFBC}") = "OnlineVideos.Sites.georgius", "SiteUtilProjects\OnlineVideos.Sites.georgius\OnlineVideos.Sites.georgius.csproj", "{FF136E46-938B-456F-8A54-F5E0B13BA2DC}"
EndProject
Project("{FAE04EC0-301F-11D3-BF4B-00C04F79EFBC}") = "OnlineVideos.Sites.brownard", "SiteUtilProjects\OnlineVideos.Sites.brownard\OnlineVideos.Sites.brownard.csproj", "{1DCE9E7A-4B28-4B38-B0F7-909E1F089F4A}"
EndProject
Project("{FAE04EC0-301F-11D3-BF4B-00C04F79EFBC}") = "OnlineVideos.Sites.RoChess", "SiteUtilProjects\OnlineVideos.Sites.RoChess\OnlineVideos.Sites.RoChess.csproj", "{5E8191F0-FE55-4A22-B3B0-CB9D252B58E4}"
EndProject
Project("{FAE04EC0-301F-11D3-BF4B-00C04F79EFBC}") = "OnlineVideos.Sites.rick164", "SiteUtilProjects\OnlineVideos.Sites.rick164\OnlineVideos.Sites.rick164.csproj", "{F66C55CD-EF36-470E-AAA7-EC62D5DCFF36}"
EndProject
Project("{FAE04EC0-301F-11D3-BF4B-00C04F79EFBC}") = "OnlineVideos.Sites.Dj_Moren", "SiteUtilProjects\OnlineVideos.Sites.Dj_Moren\OnlineVideos.Sites.Dj_Moren.csproj", "{968E5881-C9E0-499C-BF04-01AB1DF49FBB}"
EndProject
Project("{FAE04EC0-301F-11D3-BF4B-00C04F79EFBC}") = "OnlineVideos.Sites.bw_fotoart", "SiteUtilProjects\OnlineVideos.Sites.bw_fotoart\OnlineVideos.Sites.bw_fotoart.csproj", "{92D26D2F-3408-481F-AB6F-4485B40A114B}"
EndProject
Project("{FAE04EC0-301F-11D3-BF4B-00C04F79EFBC}") = "OnlineVideos.Sites.ministerk", "SiteUtilProjects\OnlineVideos.Sites.ministerk\OnlineVideos.Sites.ministerk.csproj", "{D947C918-476D-45D1-93DC-1216381F5001}"
EndProject
Project("{FAE04EC0-301F-11D3-BF4B-00C04F79EFBC}") = "OnlineVideos.Sites.chefkoch", "SiteUtilProjects\OnlineVideos.Sites.chefkoch\OnlineVideos.Sites.chefkoch.csproj", "{F094B1D9-4437-4D90-AC09-A7CA1F990200}"
EndProject
Project("{FAE04EC0-301F-11D3-BF4B-00C04F79EFBC}") = "OnlineVideos.Sites.MrP", "SiteUtilProjects\OnlineVideos.Sites.MrP\OnlineVideos.Sites.MrP.csproj", "{59C03F73-0B0E-4DDE-9C34-788BD7DADC5E}"
EndProject
Project("{FAE04EC0-301F-11D3-BF4B-00C04F79EFBC}") = "OnlineVideos.WebAutomation.BrowserHost", "OnlineVideos.WebAutomation.BrowserHost\OnlineVideos.WebAutomation.BrowserHost.csproj", "{615884DB-2243-4F68-9B4D-AD8B0A50B479}"
EndProject
Global
	GlobalSection(SolutionConfigurationPlatforms) = preSolution
		Debug|Any CPU = Debug|Any CPU
		Debug|x86 = Debug|x86
		Release|Any CPU = Release|Any CPU
		Release|x86 = Release|x86
	EndGlobalSection
	GlobalSection(ProjectConfigurationPlatforms) = postSolution
		{E0D9D390-CDD6-4B98-86F3-6EB04A958882}.Debug|Any CPU.ActiveCfg = Debug|Any CPU
		{E0D9D390-CDD6-4B98-86F3-6EB04A958882}.Debug|Any CPU.Build.0 = Debug|Any CPU
		{E0D9D390-CDD6-4B98-86F3-6EB04A958882}.Debug|x86.ActiveCfg = Debug|Any CPU
		{E0D9D390-CDD6-4B98-86F3-6EB04A958882}.Release|Any CPU.ActiveCfg = Release|Any CPU
		{E0D9D390-CDD6-4B98-86F3-6EB04A958882}.Release|Any CPU.Build.0 = Release|Any CPU
		{E0D9D390-CDD6-4B98-86F3-6EB04A958882}.Release|x86.ActiveCfg = Release|Any CPU
		{022D3A7F-676E-4741-95D3-6E5D0223BFE4}.Debug|Any CPU.ActiveCfg = Debug|Any CPU
		{022D3A7F-676E-4741-95D3-6E5D0223BFE4}.Debug|Any CPU.Build.0 = Debug|Any CPU
		{022D3A7F-676E-4741-95D3-6E5D0223BFE4}.Debug|x86.ActiveCfg = Debug|Any CPU
		{022D3A7F-676E-4741-95D3-6E5D0223BFE4}.Release|Any CPU.ActiveCfg = Release|Any CPU
		{022D3A7F-676E-4741-95D3-6E5D0223BFE4}.Release|Any CPU.Build.0 = Release|Any CPU
		{022D3A7F-676E-4741-95D3-6E5D0223BFE4}.Release|x86.ActiveCfg = Release|Any CPU
		{6562D25F-C02C-46B3-BD7C-63090C5CBFA7}.Debug|Any CPU.ActiveCfg = Debug|Any CPU
		{6562D25F-C02C-46B3-BD7C-63090C5CBFA7}.Debug|Any CPU.Build.0 = Debug|Any CPU
		{6562D25F-C02C-46B3-BD7C-63090C5CBFA7}.Debug|x86.ActiveCfg = Debug|Any CPU
		{6562D25F-C02C-46B3-BD7C-63090C5CBFA7}.Release|Any CPU.ActiveCfg = Release|Any CPU
		{6562D25F-C02C-46B3-BD7C-63090C5CBFA7}.Release|Any CPU.Build.0 = Release|Any CPU
		{6562D25F-C02C-46B3-BD7C-63090C5CBFA7}.Release|x86.ActiveCfg = Release|Any CPU
		{D43B3A93-FDF8-4B5C-8BD0-714FBBF9AF31}.Debug|Any CPU.ActiveCfg = Debug|Any CPU
		{D43B3A93-FDF8-4B5C-8BD0-714FBBF9AF31}.Debug|Any CPU.Build.0 = Debug|Any CPU
		{D43B3A93-FDF8-4B5C-8BD0-714FBBF9AF31}.Debug|x86.ActiveCfg = Debug|Any CPU
		{D43B3A93-FDF8-4B5C-8BD0-714FBBF9AF31}.Release|Any CPU.ActiveCfg = Release|Any CPU
		{D43B3A93-FDF8-4B5C-8BD0-714FBBF9AF31}.Release|Any CPU.Build.0 = Release|Any CPU
		{D43B3A93-FDF8-4B5C-8BD0-714FBBF9AF31}.Release|x86.ActiveCfg = Release|Any CPU
		{D05B2288-6732-4211-9931-29C8511DC32F}.Debug|Any CPU.ActiveCfg = Debug|Any CPU
		{D05B2288-6732-4211-9931-29C8511DC32F}.Debug|Any CPU.Build.0 = Debug|Any CPU
		{D05B2288-6732-4211-9931-29C8511DC32F}.Debug|x86.ActiveCfg = Debug|Any CPU
		{D05B2288-6732-4211-9931-29C8511DC32F}.Release|Any CPU.ActiveCfg = Release|Any CPU
		{D05B2288-6732-4211-9931-29C8511DC32F}.Release|Any CPU.Build.0 = Release|Any CPU
		{D05B2288-6732-4211-9931-29C8511DC32F}.Release|x86.ActiveCfg = Release|Any CPU
		{1DEAE4B4-70CB-41D1-AAF7-650B6E71DEB1}.Debug|Any CPU.ActiveCfg = Debug|Any CPU
		{1DEAE4B4-70CB-41D1-AAF7-650B6E71DEB1}.Debug|Any CPU.Build.0 = Debug|Any CPU
		{1DEAE4B4-70CB-41D1-AAF7-650B6E71DEB1}.Debug|x86.ActiveCfg = Debug|Any CPU
		{1DEAE4B4-70CB-41D1-AAF7-650B6E71DEB1}.Release|Any CPU.ActiveCfg = Release|Any CPU
		{1DEAE4B4-70CB-41D1-AAF7-650B6E71DEB1}.Release|Any CPU.Build.0 = Release|Any CPU
		{1DEAE4B4-70CB-41D1-AAF7-650B6E71DEB1}.Release|x86.ActiveCfg = Release|Any CPU
		{F229AF99-6CB8-48C7-81EF-BDAD4C2F0EC7}.Debug|Any CPU.ActiveCfg = Debug|Any CPU
		{F229AF99-6CB8-48C7-81EF-BDAD4C2F0EC7}.Debug|Any CPU.Build.0 = Debug|Any CPU
		{F229AF99-6CB8-48C7-81EF-BDAD4C2F0EC7}.Debug|x86.ActiveCfg = Debug|Any CPU
		{F229AF99-6CB8-48C7-81EF-BDAD4C2F0EC7}.Release|Any CPU.ActiveCfg = Release|Any CPU
		{F229AF99-6CB8-48C7-81EF-BDAD4C2F0EC7}.Release|Any CPU.Build.0 = Release|Any CPU
		{F229AF99-6CB8-48C7-81EF-BDAD4C2F0EC7}.Release|x86.ActiveCfg = Release|Any CPU
		{3B158828-6940-4A5F-A6B6-23A7FD6CD524}.Debug|Any CPU.ActiveCfg = Debug|Any CPU
		{3B158828-6940-4A5F-A6B6-23A7FD6CD524}.Debug|Any CPU.Build.0 = Debug|Any CPU
		{3B158828-6940-4A5F-A6B6-23A7FD6CD524}.Debug|x86.ActiveCfg = Debug|Any CPU
		{3B158828-6940-4A5F-A6B6-23A7FD6CD524}.Release|Any CPU.ActiveCfg = Release|Any CPU
		{3B158828-6940-4A5F-A6B6-23A7FD6CD524}.Release|Any CPU.Build.0 = Release|Any CPU
		{3B158828-6940-4A5F-A6B6-23A7FD6CD524}.Release|x86.ActiveCfg = Release|Any CPU
		{D01E921D-961C-41E6-B8DD-B811F5BC5A76}.Debug|Any CPU.ActiveCfg = Debug|Any CPU
		{D01E921D-961C-41E6-B8DD-B811F5BC5A76}.Debug|Any CPU.Build.0 = Debug|Any CPU
		{D01E921D-961C-41E6-B8DD-B811F5BC5A76}.Debug|x86.ActiveCfg = Debug|Any CPU
		{D01E921D-961C-41E6-B8DD-B811F5BC5A76}.Release|Any CPU.ActiveCfg = Release|Any CPU
		{D01E921D-961C-41E6-B8DD-B811F5BC5A76}.Release|Any CPU.Build.0 = Release|Any CPU
		{D01E921D-961C-41E6-B8DD-B811F5BC5A76}.Release|x86.ActiveCfg = Release|Any CPU
		{44C2F4D7-0A9F-48EE-B471-C9110E1D9E58}.Debug|Any CPU.ActiveCfg = Debug|Any CPU
		{44C2F4D7-0A9F-48EE-B471-C9110E1D9E58}.Debug|Any CPU.Build.0 = Debug|Any CPU
		{44C2F4D7-0A9F-48EE-B471-C9110E1D9E58}.Debug|x86.ActiveCfg = Debug|Any CPU
		{44C2F4D7-0A9F-48EE-B471-C9110E1D9E58}.Release|Any CPU.ActiveCfg = Release|Any CPU
		{44C2F4D7-0A9F-48EE-B471-C9110E1D9E58}.Release|Any CPU.Build.0 = Release|Any CPU
		{44C2F4D7-0A9F-48EE-B471-C9110E1D9E58}.Release|x86.ActiveCfg = Release|Any CPU
		{E6000721-B061-4692-9BBB-652DD9E82B34}.Debug|Any CPU.ActiveCfg = Debug|Any CPU
		{E6000721-B061-4692-9BBB-652DD9E82B34}.Debug|Any CPU.Build.0 = Debug|Any CPU
		{E6000721-B061-4692-9BBB-652DD9E82B34}.Debug|x86.ActiveCfg = Debug|Any CPU
		{E6000721-B061-4692-9BBB-652DD9E82B34}.Release|Any CPU.ActiveCfg = Release|Any CPU
		{E6000721-B061-4692-9BBB-652DD9E82B34}.Release|Any CPU.Build.0 = Release|Any CPU
		{E6000721-B061-4692-9BBB-652DD9E82B34}.Release|x86.ActiveCfg = Release|Any CPU
		{626487BA-7E28-4584-BC9F-46CEFB3FDE93}.Debug|Any CPU.ActiveCfg = Debug|Any CPU
		{626487BA-7E28-4584-BC9F-46CEFB3FDE93}.Debug|Any CPU.Build.0 = Debug|Any CPU
		{626487BA-7E28-4584-BC9F-46CEFB3FDE93}.Debug|x86.ActiveCfg = Debug|Any CPU
		{626487BA-7E28-4584-BC9F-46CEFB3FDE93}.Release|Any CPU.ActiveCfg = Release|Any CPU
		{626487BA-7E28-4584-BC9F-46CEFB3FDE93}.Release|Any CPU.Build.0 = Release|Any CPU
		{626487BA-7E28-4584-BC9F-46CEFB3FDE93}.Release|x86.ActiveCfg = Release|Any CPU
		{FF136E46-938B-456F-8A54-F5E0B13BA2DC}.Debug|Any CPU.ActiveCfg = Debug|Any CPU
		{FF136E46-938B-456F-8A54-F5E0B13BA2DC}.Debug|Any CPU.Build.0 = Debug|Any CPU
		{FF136E46-938B-456F-8A54-F5E0B13BA2DC}.Debug|x86.ActiveCfg = Debug|Any CPU
		{FF136E46-938B-456F-8A54-F5E0B13BA2DC}.Release|Any CPU.ActiveCfg = Release|Any CPU
		{FF136E46-938B-456F-8A54-F5E0B13BA2DC}.Release|Any CPU.Build.0 = Release|Any CPU
		{FF136E46-938B-456F-8A54-F5E0B13BA2DC}.Release|x86.ActiveCfg = Release|Any CPU
		{1DCE9E7A-4B28-4B38-B0F7-909E1F089F4A}.Debug|Any CPU.ActiveCfg = Debug|Any CPU
		{1DCE9E7A-4B28-4B38-B0F7-909E1F089F4A}.Debug|Any CPU.Build.0 = Debug|Any CPU
		{1DCE9E7A-4B28-4B38-B0F7-909E1F089F4A}.Debug|x86.ActiveCfg = Debug|Any CPU
		{1DCE9E7A-4B28-4B38-B0F7-909E1F089F4A}.Release|Any CPU.ActiveCfg = Release|Any CPU
		{1DCE9E7A-4B28-4B38-B0F7-909E1F089F4A}.Release|Any CPU.Build.0 = Release|Any CPU
		{1DCE9E7A-4B28-4B38-B0F7-909E1F089F4A}.Release|x86.ActiveCfg = Release|Any CPU
		{5E8191F0-FE55-4A22-B3B0-CB9D252B58E4}.Debug|Any CPU.ActiveCfg = Debug|Any CPU
		{5E8191F0-FE55-4A22-B3B0-CB9D252B58E4}.Debug|Any CPU.Build.0 = Debug|Any CPU
		{5E8191F0-FE55-4A22-B3B0-CB9D252B58E4}.Debug|x86.ActiveCfg = Debug|Any CPU
		{5E8191F0-FE55-4A22-B3B0-CB9D252B58E4}.Release|Any CPU.ActiveCfg = Release|Any CPU
		{5E8191F0-FE55-4A22-B3B0-CB9D252B58E4}.Release|Any CPU.Build.0 = Release|Any CPU
		{5E8191F0-FE55-4A22-B3B0-CB9D252B58E4}.Release|x86.ActiveCfg = Release|Any CPU
		{F66C55CD-EF36-470E-AAA7-EC62D5DCFF36}.Debug|Any CPU.ActiveCfg = Debug|Any CPU
		{F66C55CD-EF36-470E-AAA7-EC62D5DCFF36}.Debug|Any CPU.Build.0 = Debug|Any CPU
		{F66C55CD-EF36-470E-AAA7-EC62D5DCFF36}.Debug|x86.ActiveCfg = Debug|Any CPU
		{F66C55CD-EF36-470E-AAA7-EC62D5DCFF36}.Release|Any CPU.ActiveCfg = Release|Any CPU
		{F66C55CD-EF36-470E-AAA7-EC62D5DCFF36}.Release|Any CPU.Build.0 = Release|Any CPU
		{F66C55CD-EF36-470E-AAA7-EC62D5DCFF36}.Release|x86.ActiveCfg = Release|Any CPU
		{968E5881-C9E0-499C-BF04-01AB1DF49FBB}.Debug|Any CPU.ActiveCfg = Debug|Any CPU
		{968E5881-C9E0-499C-BF04-01AB1DF49FBB}.Debug|Any CPU.Build.0 = Debug|Any CPU
		{968E5881-C9E0-499C-BF04-01AB1DF49FBB}.Debug|x86.ActiveCfg = Debug|Any CPU
		{968E5881-C9E0-499C-BF04-01AB1DF49FBB}.Release|Any CPU.ActiveCfg = Release|Any CPU
		{968E5881-C9E0-499C-BF04-01AB1DF49FBB}.Release|Any CPU.Build.0 = Release|Any CPU
		{968E5881-C9E0-499C-BF04-01AB1DF49FBB}.Release|x86.ActiveCfg = Release|Any CPU
		{92D26D2F-3408-481F-AB6F-4485B40A114B}.Debug|Any CPU.ActiveCfg = Debug|Any CPU
		{92D26D2F-3408-481F-AB6F-4485B40A114B}.Debug|Any CPU.Build.0 = Debug|Any CPU
		{92D26D2F-3408-481F-AB6F-4485B40A114B}.Debug|x86.ActiveCfg = Debug|Any CPU
		{92D26D2F-3408-481F-AB6F-4485B40A114B}.Release|Any CPU.ActiveCfg = Release|Any CPU
		{92D26D2F-3408-481F-AB6F-4485B40A114B}.Release|Any CPU.Build.0 = Release|Any CPU
		{92D26D2F-3408-481F-AB6F-4485B40A114B}.Release|x86.ActiveCfg = Release|Any CPU
		{D947C918-476D-45D1-93DC-1216381F5001}.Debug|Any CPU.ActiveCfg = Debug|Any CPU
		{D947C918-476D-45D1-93DC-1216381F5001}.Debug|Any CPU.Build.0 = Debug|Any CPU
		{D947C918-476D-45D1-93DC-1216381F5001}.Debug|x86.ActiveCfg = Debug|Any CPU
		{D947C918-476D-45D1-93DC-1216381F5001}.Release|Any CPU.ActiveCfg = Release|Any CPU
		{D947C918-476D-45D1-93DC-1216381F5001}.Release|Any CPU.Build.0 = Release|Any CPU
		{D947C918-476D-45D1-93DC-1216381F5001}.Release|x86.ActiveCfg = Release|Any CPU
		{F094B1D9-4437-4D90-AC09-A7CA1F990200}.Debug|Any CPU.ActiveCfg = Debug|Any CPU
		{F094B1D9-4437-4D90-AC09-A7CA1F990200}.Debug|Any CPU.Build.0 = Debug|Any CPU
		{F094B1D9-4437-4D90-AC09-A7CA1F990200}.Debug|x86.ActiveCfg = Debug|Any CPU
		{F094B1D9-4437-4D90-AC09-A7CA1F990200}.Release|Any CPU.ActiveCfg = Release|Any CPU
		{F094B1D9-4437-4D90-AC09-A7CA1F990200}.Release|Any CPU.Build.0 = Release|Any CPU
		{F094B1D9-4437-4D90-AC09-A7CA1F990200}.Release|x86.ActiveCfg = Release|Any CPU
		{59C03F73-0B0E-4DDE-9C34-788BD7DADC5E}.Debug|Any CPU.ActiveCfg = Debug|Any CPU
		{59C03F73-0B0E-4DDE-9C34-788BD7DADC5E}.Debug|Any CPU.Build.0 = Debug|Any CPU
		{59C03F73-0B0E-4DDE-9C34-788BD7DADC5E}.Debug|x86.ActiveCfg = Debug|Any CPU
		{59C03F73-0B0E-4DDE-9C34-788BD7DADC5E}.Release|Any CPU.ActiveCfg = Release|Any CPU
		{59C03F73-0B0E-4DDE-9C34-788BD7DADC5E}.Release|Any CPU.Build.0 = Release|Any CPU
		{59C03F73-0B0E-4DDE-9C34-788BD7DADC5E}.Release|x86.ActiveCfg = Release|Any CPU
		{615884DB-2243-4F68-9B4D-AD8B0A50B479}.Debug|Any CPU.ActiveCfg = Debug|x86
		{615884DB-2243-4F68-9B4D-AD8B0A50B479}.Debug|Any CPU.Build.0 = Debug|x86
		{615884DB-2243-4F68-9B4D-AD8B0A50B479}.Debug|x86.ActiveCfg = Debug|x86
		{615884DB-2243-4F68-9B4D-AD8B0A50B479}.Debug|x86.Build.0 = Debug|x86
		{615884DB-2243-4F68-9B4D-AD8B0A50B479}.Release|Any CPU.ActiveCfg = Release|x86
		{615884DB-2243-4F68-9B4D-AD8B0A50B479}.Release|Any CPU.Build.0 = Release|x86
		{615884DB-2243-4F68-9B4D-AD8B0A50B479}.Release|x86.ActiveCfg = Release|x86
		{615884DB-2243-4F68-9B4D-AD8B0A50B479}.Release|x86.Build.0 = Release|x86
	EndGlobalSection
	GlobalSection(SolutionProperties) = preSolution
		HideSolutionNode = FALSE
	EndGlobalSection
	GlobalSection(NestedProjects) = preSolution
		{022D3A7F-676E-4741-95D3-6E5D0223BFE4} = {6B73364F-8850-4FD8-87DF-CA29321DF24E}
		{6562D25F-C02C-46B3-BD7C-63090C5CBFA7} = {6B73364F-8850-4FD8-87DF-CA29321DF24E}
		{D43B3A93-FDF8-4B5C-8BD0-714FBBF9AF31} = {6B73364F-8850-4FD8-87DF-CA29321DF24E}
		{D05B2288-6732-4211-9931-29C8511DC32F} = {6B73364F-8850-4FD8-87DF-CA29321DF24E}
		{3B158828-6940-4A5F-A6B6-23A7FD6CD524} = {6B73364F-8850-4FD8-87DF-CA29321DF24E}
		{D01E921D-961C-41E6-B8DD-B811F5BC5A76} = {6B73364F-8850-4FD8-87DF-CA29321DF24E}
		{44C2F4D7-0A9F-48EE-B471-C9110E1D9E58} = {6B73364F-8850-4FD8-87DF-CA29321DF24E}
		{E6000721-B061-4692-9BBB-652DD9E82B34} = {6B73364F-8850-4FD8-87DF-CA29321DF24E}
		{626487BA-7E28-4584-BC9F-46CEFB3FDE93} = {6B73364F-8850-4FD8-87DF-CA29321DF24E}
		{FF136E46-938B-456F-8A54-F5E0B13BA2DC} = {6B73364F-8850-4FD8-87DF-CA29321DF24E}
		{1DCE9E7A-4B28-4B38-B0F7-909E1F089F4A} = {6B73364F-8850-4FD8-87DF-CA29321DF24E}
		{5E8191F0-FE55-4A22-B3B0-CB9D252B58E4} = {6B73364F-8850-4FD8-87DF-CA29321DF24E}
		{F66C55CD-EF36-470E-AAA7-EC62D5DCFF36} = {6B73364F-8850-4FD8-87DF-CA29321DF24E}
		{968E5881-C9E0-499C-BF04-01AB1DF49FBB} = {6B73364F-8850-4FD8-87DF-CA29321DF24E}
		{92D26D2F-3408-481F-AB6F-4485B40A114B} = {6B73364F-8850-4FD8-87DF-CA29321DF24E}
		{D947C918-476D-45D1-93DC-1216381F5001} = {6B73364F-8850-4FD8-87DF-CA29321DF24E}
		{F094B1D9-4437-4D90-AC09-A7CA1F990200} = {6B73364F-8850-4FD8-87DF-CA29321DF24E}
		{59C03F73-0B0E-4DDE-9C34-788BD7DADC5E} = {6B73364F-8850-4FD8-87DF-CA29321DF24E}
	EndGlobalSection
EndGlobal
