
Microsoft Visual Studio Solution File, Format Version 12.00
# Visual Studio 2013
VisualStudioVersion = 12.0.31101.0
MinimumVisualStudioVersion = 10.0.40219.1
Project("{FAE04EC0-301F-11D3-BF4B-00C04F79EFBC}") = "OnlineVideos.MediaPortal2", "OnlineVideos.MediaPortal2\OnlineVideos.MediaPortal2.csproj", "{FA12B047-F5EC-4045-8D26-47C7B17B3B16}"
EndProject
Project("{FAE04EC0-301F-11D3-BF4B-00C04F79EFBC}") = "OnlineVideos", "OnlineVideos\OnlineVideos.csproj", "{E0D9D390-CDD6-4B98-86F3-6EB04A958882}"
EndProject
Global
	GlobalSection(SolutionConfigurationPlatforms) = preSolution
		Debug|Any CPU = Debug|Any CPU
		Debug|x86 = Debug|x86
		Release|Any CPU = Release|Any CPU
		Release|x86 = Release|x86
	EndGlobalSection
	GlobalSection(ProjectConfigurationPlatforms) = postSolution
		{FA12B047-F5EC-4045-8D26-47C7B17B3B16}.Debug|Any CPU.ActiveCfg = Debug|Any CPU
		{FA12B047-F5EC-4045-8D26-47C7B17B3B16}.Debug|Any CPU.Build.0 = Debug|Any CPU
		{FA12B047-F5EC-4045-8D26-47C7B17B3B16}.Debug|x86.ActiveCfg = Debug|Any CPU
		{FA12B047-F5EC-4045-8D26-47C7B17B3B16}.Release|Any CPU.ActiveCfg = Release|Any CPU
		{FA12B047-F5EC-4045-8D26-47C7B17B3B16}.Release|Any CPU.Build.0 = Release|Any CPU
		{FA12B047-F5EC-4045-8D26-47C7B17B3B16}.Release|x86.ActiveCfg = Release|Any CPU
		{E0D9D390-CDD6-4B98-86F3-6EB04A958882}.Debug|Any CPU.ActiveCfg = Debug|Any CPU
		{E0D9D390-CDD6-4B98-86F3-6EB04A958882}.Debug|Any CPU.Build.0 = Debug|Any CPU
		{E0D9D390-CDD6-4B98-86F3-6EB04A958882}.Debug|x86.ActiveCfg = Debug|Any CPU
		{E0D9D390-CDD6-4B98-86F3-6EB04A958882}.Release|Any CPU.ActiveCfg = Release|Any CPU
		{E0D9D390-CDD6-4B98-86F3-6EB04A958882}.Release|Any CPU.Build.0 = Release|Any CPU
		{E0D9D390-CDD6-4B98-86F3-6EB04A958882}.Release|x86.ActiveCfg = Release|Any CPU
	EndGlobalSection
	GlobalSection(SolutionProperties) = preSolution
		HideSolutionNode = FALSE
	EndGlobalSection
EndGlobal
