
Microsoft Visual Studio Solution File, Format Version 12.00
# Visual Studio 2013
VisualStudioVersion = 12.0.30501.0
MinimumVisualStudioVersion = 10.0.40219.1
Project("{FAE04EC0-301F-11D3-BF4B-00C04F79EFBC}") = "Standalone", "Standalone\Standalone.csproj", "{7F3403C9-EFE4-41CF-BBCF-27A8D95A998A}"
	ProjectSection(ProjectDependencies) = postProject
		{D947C918-476D-45D1-93DC-1216381F5001} = {D947C918-476D-45D1-93DC-1216381F5001}
		{D01E921D-961C-41E6-B8DD-B811F5BC5A76} = {D01E921D-961C-41E6-B8DD-B811F5BC5A76}
		{E6000721-B061-4692-9BBB-652DD9E82B34} = {E6000721-B061-4692-9BBB-652DD9E82B34}
		{3B158828-6940-4A5F-A6B6-23A7FD6CD524} = {3B158828-6940-4A5F-A6B6-23A7FD6CD524}
		{92D26D2F-3408-481F-AB6F-4485B40A114B} = {92D26D2F-3408-481F-AB6F-4485B40A114B}
		{FF136E46-938B-456F-8A54-F5E0B13BA2DC} = {FF136E46-938B-456F-8A54-F5E0B13BA2DC}
		{6562D25F-C02C-46B3-BD7C-63090C5CBFA7} = {6562D25F-C02C-46B3-BD7C-63090C5CBFA7}
		{59C03F73-0B0E-4DDE-9C34-788BD7DADC5E} = {59C03F73-0B0E-4DDE-9C34-788BD7DADC5E}
		{1DCE9E7A-4B28-4B38-B0F7-909E1F089F4A} = {1DCE9E7A-4B28-4B38-B0F7-909E1F089F4A}
		{022D3A7F-676E-4741-95D3-6E5D0223BFE4} = {022D3A7F-676E-4741-95D3-6E5D0223BFE4}
		{968E5881-C9E0-499C-BF04-01AB1DF49FBB} = {968E5881-C9E0-499C-BF04-01AB1DF49FBB}
		{D05B2288-6732-4211-9931-29C8511DC32F} = {D05B2288-6732-4211-9931-29C8511DC32F}
		{D43B3A93-FDF8-4B5C-8BD0-714FBBF9AF31} = {D43B3A93-FDF8-4B5C-8BD0-714FBBF9AF31}
		{4DEAA1AF-E356-4588-BCD7-A3AFC8CA1A95} = {4DEAA1AF-E356-4588-BCD7-A3AFC8CA1A95}
		{626487BA-7E28-4584-BC9F-46CEFB3FDE93} = {626487BA-7E28-4584-BC9F-46CEFB3FDE93}
		{A8B26EC3-664D-4829-A8A4-E72D106E1E69} = {A8B26EC3-664D-4829-A8A4-E72D106E1E69}
		{F66C55CD-EF36-470E-AAA7-EC62D5DCFF36} = {F66C55CD-EF36-470E-AAA7-EC62D5DCFF36}
		{44C2F4D7-0A9F-48EE-B471-C9110E1D9E58} = {44C2F4D7-0A9F-48EE-B471-C9110E1D9E58}
		{F094B1D9-4437-4D90-AC09-A7CA1F990200} = {F094B1D9-4437-4D90-AC09-A7CA1F990200}
		{5E8191F0-FE55-4A22-B3B0-CB9D252B58E4} = {5E8191F0-FE55-4A22-B3B0-CB9D252B58E4}
	EndProjectSection
EndProject
Project("{FAE04EC0-301F-11D3-BF4B-00C04F79EFBC}") = "OnlineVideos", "OnlineVideos\OnlineVideos.csproj", "{E0D9D390-CDD6-4B98-86F3-6EB04A958882}"
EndProject
Project("{930C7802-8A8C-48F9-8165-68863BCCD9DD}") = "StandaloneMSI", "Standalone.Setup\StandaloneMSI.wixproj", "{9B495B83-5932-476C-8872-5D7BEFBD3589}"
EndProject
Project("{930C7802-8A8C-48F9-8165-68863BCCD9DD}") = "StandaloneEXE", "Standalone.Bootstrapper\StandaloneEXE.wixproj", "{8C248BA5-5847-49CF-B6D9-67AB85FDC34E}"
EndProject
Project("{2150E333-8FDC-42A3-9474-1A3956D46DE8}") = "SiteUtilProjects", "SiteUtilProjects", "{31381D5E-1B68-409A-9EBE-1E5480FEE7D4}"
EndProject
Project("{FAE04EC0-301F-11D3-BF4B-00C04F79EFBC}") = "OnlineVideos.Sites.apondman", "SiteUtilProjects\OnlineVideos.Sites.apondman\OnlineVideos.Sites.apondman.csproj", "{D05B2288-6732-4211-9931-29C8511DC32F}"
EndProject
Project("{FAE04EC0-301F-11D3-BF4B-00C04F79EFBC}") = "OnlineVideos.Sites.brownard", "SiteUtilProjects\OnlineVideos.Sites.brownard\OnlineVideos.Sites.brownard.csproj", "{1DCE9E7A-4B28-4B38-B0F7-909E1F089F4A}"
EndProject
Project("{FAE04EC0-301F-11D3-BF4B-00C04F79EFBC}") = "OnlineVideos.Sites.bw_fotoart", "SiteUtilProjects\OnlineVideos.Sites.bw_fotoart\OnlineVideos.Sites.bw_fotoart.csproj", "{92D26D2F-3408-481F-AB6F-4485B40A114B}"
EndProject
Project("{FAE04EC0-301F-11D3-BF4B-00C04F79EFBC}") = "OnlineVideos.Sites.chefkoch", "SiteUtilProjects\OnlineVideos.Sites.chefkoch\OnlineVideos.Sites.chefkoch.csproj", "{F094B1D9-4437-4D90-AC09-A7CA1F990200}"
EndProject
Project("{FAE04EC0-301F-11D3-BF4B-00C04F79EFBC}") = "OnlineVideos.Sites.corporategadfly", "SiteUtilProjects\OnlineVideos.Sites.corporategadfly\OnlineVideos.Sites.corporategadfly.csproj", "{626487BA-7E28-4584-BC9F-46CEFB3FDE93}"
EndProject
Project("{FAE04EC0-301F-11D3-BF4B-00C04F79EFBC}") = "OnlineVideos.Sites.DavidCalder", "SiteUtilProjects\OnlineVideos.Sites.DavidCalder\OnlineVideos.Sites.DavidCalder.csproj", "{4DEAA1AF-E356-4588-BCD7-A3AFC8CA1A95}"
EndProject
Project("{FAE04EC0-301F-11D3-BF4B-00C04F79EFBC}") = "OnlineVideos.Sites.diebagger", "SiteUtilProjects\OnlineVideos.Sites.diebagger\OnlineVideos.Sites.diebagger.csproj", "{44C2F4D7-0A9F-48EE-B471-C9110E1D9E58}"
EndProject
Project("{FAE04EC0-301F-11D3-BF4B-00C04F79EFBC}") = "OnlineVideos.Sites.Dj_Moren", "SiteUtilProjects\OnlineVideos.Sites.Dj_Moren\OnlineVideos.Sites.Dj_Moren.csproj", "{968E5881-C9E0-499C-BF04-01AB1DF49FBB}"
EndProject
Project("{FAE04EC0-301F-11D3-BF4B-00C04F79EFBC}") = "OnlineVideos.Sites.doskabouter", "SiteUtilProjects\OnlineVideos.Sites.doskabouter\OnlineVideos.Sites.doskabouter.csproj", "{D43B3A93-FDF8-4B5C-8BD0-714FBBF9AF31}"
EndProject
Project("{FAE04EC0-301F-11D3-BF4B-00C04F79EFBC}") = "OnlineVideos.Sites.georgius", "SiteUtilProjects\OnlineVideos.Sites.georgius\OnlineVideos.Sites.georgius.csproj", "{FF136E46-938B-456F-8A54-F5E0B13BA2DC}"
EndProject
Project("{FAE04EC0-301F-11D3-BF4B-00C04F79EFBC}") = "OnlineVideos.Sites.hioctane", "SiteUtilProjects\OnlineVideos.Sites.hioctane\OnlineVideos.Sites.hioctane.csproj", "{6562D25F-C02C-46B3-BD7C-63090C5CBFA7}"
EndProject
Project("{FAE04EC0-301F-11D3-BF4B-00C04F79EFBC}") = "OnlineVideos.Sites.ksya", "SiteUtilProjects\OnlineVideos.Sites.ksya\OnlineVideos.Sites.ksya.csproj", "{A8B26EC3-664D-4829-A8A4-E72D106E1E69}"
EndProject
Project("{FAE04EC0-301F-11D3-BF4B-00C04F79EFBC}") = "OnlineVideos.Sites.ministerk", "SiteUtilProjects\OnlineVideos.Sites.ministerk\OnlineVideos.Sites.ministerk.csproj", "{D947C918-476D-45D1-93DC-1216381F5001}"
EndProject
Project("{FAE04EC0-301F-11D3-BF4B-00C04F79EFBC}") = "OnlineVideos.Sites.MrP", "SiteUtilProjects\OnlineVideos.Sites.MrP\OnlineVideos.Sites.MrP.csproj", "{59C03F73-0B0E-4DDE-9C34-788BD7DADC5E}"
EndProject
Project("{FAE04EC0-301F-11D3-BF4B-00C04F79EFBC}") = "OnlineVideos.Sites.offbyone", "SiteUtilProjects\OnlineVideos.Sites.offbyone\OnlineVideos.Sites.offbyone.csproj", "{022D3A7F-676E-4741-95D3-6E5D0223BFE4}"
EndProject
Project("{FAE04EC0-301F-11D3-BF4B-00C04F79EFBC}") = "OnlineVideos.Sites.pilehave", "SiteUtilProjects\OnlineVideos.Sites.pilehave\OnlineVideos.Sites.pilehave.csproj", "{3B158828-6940-4A5F-A6B6-23A7FD6CD524}"
EndProject
Project("{FAE04EC0-301F-11D3-BF4B-00C04F79EFBC}") = "OnlineVideos.Sites.rick164", "SiteUtilProjects\OnlineVideos.Sites.rick164\OnlineVideos.Sites.rick164.csproj", "{F66C55CD-EF36-470E-AAA7-EC62D5DCFF36}"
EndProject
Project("{FAE04EC0-301F-11D3-BF4B-00C04F79EFBC}") = "OnlineVideos.Sites.RoChess", "SiteUtilProjects\OnlineVideos.Sites.RoChess\OnlineVideos.Sites.RoChess.csproj", "{5E8191F0-FE55-4A22-B3B0-CB9D252B58E4}"
EndProject
Project("{FAE04EC0-301F-11D3-BF4B-00C04F79EFBC}") = "OnlineVideos.Sites.SilentException", "SiteUtilProjects\OnlineVideos.Sites.SilentException\OnlineVideos.Sites.SilentException.csproj", "{D01E921D-961C-41E6-B8DD-B811F5BC5A76}"
EndProject
Project("{FAE04EC0-301F-11D3-BF4B-00C04F79EFBC}") = "OnlineVideos.Sites.titof", "SiteUtilProjects\OnlineVideos.Sites.titof\OnlineVideos.Sites.titof.csproj", "{E6000721-B061-4692-9BBB-652DD9E82B34}"
EndProject
Global
	GlobalSection(SolutionConfigurationPlatforms) = preSolution
		Debug|Any CPU = Debug|Any CPU
		Debug|Mixed Platforms = Debug|Mixed Platforms
		Debug|x86 = Debug|x86
		MP11|Any CPU = MP11|Any CPU
		MP11|Mixed Platforms = MP11|Mixed Platforms
		MP11|x86 = MP11|x86
		Release|Any CPU = Release|Any CPU
		Release|Mixed Platforms = Release|Mixed Platforms
		Release|x86 = Release|x86
	EndGlobalSection
	GlobalSection(ProjectConfigurationPlatforms) = postSolution
		{7F3403C9-EFE4-41CF-BBCF-27A8D95A998A}.Debug|Any CPU.ActiveCfg = Debug|Any CPU
		{7F3403C9-EFE4-41CF-BBCF-27A8D95A998A}.Debug|Any CPU.Build.0 = Debug|Any CPU
		{7F3403C9-EFE4-41CF-BBCF-27A8D95A998A}.Debug|Mixed Platforms.ActiveCfg = Debug|Any CPU
		{7F3403C9-EFE4-41CF-BBCF-27A8D95A998A}.Debug|Mixed Platforms.Build.0 = Debug|Any CPU
		{7F3403C9-EFE4-41CF-BBCF-27A8D95A998A}.Debug|x86.ActiveCfg = Debug|Any CPU
		{7F3403C9-EFE4-41CF-BBCF-27A8D95A998A}.MP11|Any CPU.ActiveCfg = Release|Any CPU
		{7F3403C9-EFE4-41CF-BBCF-27A8D95A998A}.MP11|Any CPU.Build.0 = Release|Any CPU
		{7F3403C9-EFE4-41CF-BBCF-27A8D95A998A}.MP11|Mixed Platforms.ActiveCfg = Release|Any CPU
		{7F3403C9-EFE4-41CF-BBCF-27A8D95A998A}.MP11|Mixed Platforms.Build.0 = Release|Any CPU
		{7F3403C9-EFE4-41CF-BBCF-27A8D95A998A}.MP11|x86.ActiveCfg = Release|Any CPU
		{7F3403C9-EFE4-41CF-BBCF-27A8D95A998A}.Release|Any CPU.ActiveCfg = Release|Any CPU
		{7F3403C9-EFE4-41CF-BBCF-27A8D95A998A}.Release|Any CPU.Build.0 = Release|Any CPU
		{7F3403C9-EFE4-41CF-BBCF-27A8D95A998A}.Release|Mixed Platforms.ActiveCfg = Release|Any CPU
		{7F3403C9-EFE4-41CF-BBCF-27A8D95A998A}.Release|Mixed Platforms.Build.0 = Release|Any CPU
		{7F3403C9-EFE4-41CF-BBCF-27A8D95A998A}.Release|x86.ActiveCfg = Release|Any CPU
		{E0D9D390-CDD6-4B98-86F3-6EB04A958882}.Debug|Any CPU.ActiveCfg = Debug|Any CPU
		{E0D9D390-CDD6-4B98-86F3-6EB04A958882}.Debug|Any CPU.Build.0 = Debug|Any CPU
		{E0D9D390-CDD6-4B98-86F3-6EB04A958882}.Debug|Mixed Platforms.ActiveCfg = Debug|Any CPU
		{E0D9D390-CDD6-4B98-86F3-6EB04A958882}.Debug|Mixed Platforms.Build.0 = Debug|Any CPU
		{E0D9D390-CDD6-4B98-86F3-6EB04A958882}.Debug|x86.ActiveCfg = Debug|Any CPU
		{E0D9D390-CDD6-4B98-86F3-6EB04A958882}.MP11|Any CPU.ActiveCfg = Release|Any CPU
		{E0D9D390-CDD6-4B98-86F3-6EB04A958882}.MP11|Any CPU.Build.0 = Release|Any CPU
		{E0D9D390-CDD6-4B98-86F3-6EB04A958882}.MP11|Mixed Platforms.ActiveCfg = Release|Any CPU
		{E0D9D390-CDD6-4B98-86F3-6EB04A958882}.MP11|Mixed Platforms.Build.0 = Release|Any CPU
		{E0D9D390-CDD6-4B98-86F3-6EB04A958882}.MP11|x86.ActiveCfg = Release|Any CPU
		{E0D9D390-CDD6-4B98-86F3-6EB04A958882}.Release|Any CPU.ActiveCfg = Release|Any CPU
		{E0D9D390-CDD6-4B98-86F3-6EB04A958882}.Release|Any CPU.Build.0 = Release|Any CPU
		{E0D9D390-CDD6-4B98-86F3-6EB04A958882}.Release|Mixed Platforms.ActiveCfg = Release|Any CPU
		{E0D9D390-CDD6-4B98-86F3-6EB04A958882}.Release|Mixed Platforms.Build.0 = Release|Any CPU
		{E0D9D390-CDD6-4B98-86F3-6EB04A958882}.Release|x86.ActiveCfg = Release|Any CPU
		{9B495B83-5932-476C-8872-5D7BEFBD3589}.Debug|Any CPU.ActiveCfg = Debug|x86
		{9B495B83-5932-476C-8872-5D7BEFBD3589}.Debug|Mixed Platforms.ActiveCfg = Debug|x86
		{9B495B83-5932-476C-8872-5D7BEFBD3589}.Debug|x86.ActiveCfg = Debug|x86
		{9B495B83-5932-476C-8872-5D7BEFBD3589}.Debug|x86.Build.0 = Debug|x86
		{9B495B83-5932-476C-8872-5D7BEFBD3589}.MP11|Any CPU.ActiveCfg = Release|x86
		{9B495B83-5932-476C-8872-5D7BEFBD3589}.MP11|Mixed Platforms.ActiveCfg = Release|x86
		{9B495B83-5932-476C-8872-5D7BEFBD3589}.MP11|Mixed Platforms.Build.0 = Release|x86
		{9B495B83-5932-476C-8872-5D7BEFBD3589}.MP11|x86.ActiveCfg = Release|x86
		{9B495B83-5932-476C-8872-5D7BEFBD3589}.MP11|x86.Build.0 = Release|x86
		{9B495B83-5932-476C-8872-5D7BEFBD3589}.Release|Any CPU.ActiveCfg = Release|x86
		{9B495B83-5932-476C-8872-5D7BEFBD3589}.Release|Mixed Platforms.ActiveCfg = Release|x86
		{9B495B83-5932-476C-8872-5D7BEFBD3589}.Release|Mixed Platforms.Build.0 = Release|x86
		{9B495B83-5932-476C-8872-5D7BEFBD3589}.Release|x86.ActiveCfg = Release|x86
		{9B495B83-5932-476C-8872-5D7BEFBD3589}.Release|x86.Build.0 = Release|x86
		{8C248BA5-5847-49CF-B6D9-67AB85FDC34E}.Debug|Any CPU.ActiveCfg = Debug|x86
		{8C248BA5-5847-49CF-B6D9-67AB85FDC34E}.Debug|Mixed Platforms.ActiveCfg = Debug|x86
		{8C248BA5-5847-49CF-B6D9-67AB85FDC34E}.Debug|x86.ActiveCfg = Debug|x86
		{8C248BA5-5847-49CF-B6D9-67AB85FDC34E}.Debug|x86.Build.0 = Debug|x86
		{8C248BA5-5847-49CF-B6D9-67AB85FDC34E}.MP11|Any CPU.ActiveCfg = Release|x86
		{8C248BA5-5847-49CF-B6D9-67AB85FDC34E}.MP11|Mixed Platforms.ActiveCfg = Release|x86
		{8C248BA5-5847-49CF-B6D9-67AB85FDC34E}.MP11|Mixed Platforms.Build.0 = Release|x86
		{8C248BA5-5847-49CF-B6D9-67AB85FDC34E}.MP11|x86.ActiveCfg = Release|x86
		{8C248BA5-5847-49CF-B6D9-67AB85FDC34E}.MP11|x86.Build.0 = Release|x86
		{8C248BA5-5847-49CF-B6D9-67AB85FDC34E}.Release|Any CPU.ActiveCfg = Release|x86
		{8C248BA5-5847-49CF-B6D9-67AB85FDC34E}.Release|Mixed Platforms.ActiveCfg = Release|x86
		{8C248BA5-5847-49CF-B6D9-67AB85FDC34E}.Release|Mixed Platforms.Build.0 = Release|x86
		{8C248BA5-5847-49CF-B6D9-67AB85FDC34E}.Release|x86.ActiveCfg = Release|x86
		{8C248BA5-5847-49CF-B6D9-67AB85FDC34E}.Release|x86.Build.0 = Release|x86
		{D05B2288-6732-4211-9931-29C8511DC32F}.Debug|Any CPU.ActiveCfg = Debug|Any CPU
		{D05B2288-6732-4211-9931-29C8511DC32F}.Debug|Any CPU.Build.0 = Debug|Any CPU
		{D05B2288-6732-4211-9931-29C8511DC32F}.Debug|Mixed Platforms.ActiveCfg = Debug|Any CPU
		{D05B2288-6732-4211-9931-29C8511DC32F}.Debug|Mixed Platforms.Build.0 = Debug|Any CPU
		{D05B2288-6732-4211-9931-29C8511DC32F}.Debug|x86.ActiveCfg = Debug|Any CPU
		{D05B2288-6732-4211-9931-29C8511DC32F}.MP11|Any CPU.ActiveCfg = MP11|Any CPU
		{D05B2288-6732-4211-9931-29C8511DC32F}.MP11|Any CPU.Build.0 = MP11|Any CPU
		{D05B2288-6732-4211-9931-29C8511DC32F}.MP11|Mixed Platforms.ActiveCfg = MP11|Any CPU
		{D05B2288-6732-4211-9931-29C8511DC32F}.MP11|Mixed Platforms.Build.0 = MP11|Any CPU
		{D05B2288-6732-4211-9931-29C8511DC32F}.MP11|x86.ActiveCfg = MP11|Any CPU
		{D05B2288-6732-4211-9931-29C8511DC32F}.Release|Any CPU.ActiveCfg = Release|Any CPU
		{D05B2288-6732-4211-9931-29C8511DC32F}.Release|Any CPU.Build.0 = Release|Any CPU
		{D05B2288-6732-4211-9931-29C8511DC32F}.Release|Mixed Platforms.ActiveCfg = Release|Any CPU
		{D05B2288-6732-4211-9931-29C8511DC32F}.Release|Mixed Platforms.Build.0 = Release|Any CPU
		{D05B2288-6732-4211-9931-29C8511DC32F}.Release|x86.ActiveCfg = Release|Any CPU
		{1DCE9E7A-4B28-4B38-B0F7-909E1F089F4A}.Debug|Any CPU.ActiveCfg = Debug|Any CPU
		{1DCE9E7A-4B28-4B38-B0F7-909E1F089F4A}.Debug|Any CPU.Build.0 = Debug|Any CPU
		{1DCE9E7A-4B28-4B38-B0F7-909E1F089F4A}.Debug|Mixed Platforms.ActiveCfg = Debug|Any CPU
		{1DCE9E7A-4B28-4B38-B0F7-909E1F089F4A}.Debug|Mixed Platforms.Build.0 = Debug|Any CPU
		{1DCE9E7A-4B28-4B38-B0F7-909E1F089F4A}.Debug|x86.ActiveCfg = Debug|Any CPU
		{1DCE9E7A-4B28-4B38-B0F7-909E1F089F4A}.MP11|Any CPU.ActiveCfg = Release|Any CPU
		{1DCE9E7A-4B28-4B38-B0F7-909E1F089F4A}.MP11|Any CPU.Build.0 = Release|Any CPU
		{1DCE9E7A-4B28-4B38-B0F7-909E1F089F4A}.MP11|Mixed Platforms.ActiveCfg = Release|Any CPU
		{1DCE9E7A-4B28-4B38-B0F7-909E1F089F4A}.MP11|Mixed Platforms.Build.0 = Release|Any CPU
		{1DCE9E7A-4B28-4B38-B0F7-909E1F089F4A}.MP11|x86.ActiveCfg = Release|Any CPU
		{1DCE9E7A-4B28-4B38-B0F7-909E1F089F4A}.Release|Any CPU.ActiveCfg = Release|Any CPU
		{1DCE9E7A-4B28-4B38-B0F7-909E1F089F4A}.Release|Any CPU.Build.0 = Release|Any CPU
		{1DCE9E7A-4B28-4B38-B0F7-909E1F089F4A}.Release|Mixed Platforms.ActiveCfg = Release|Any CPU
		{1DCE9E7A-4B28-4B38-B0F7-909E1F089F4A}.Release|Mixed Platforms.Build.0 = Release|Any CPU
		{1DCE9E7A-4B28-4B38-B0F7-909E1F089F4A}.Release|x86.ActiveCfg = Release|Any CPU
		{92D26D2F-3408-481F-AB6F-4485B40A114B}.Debug|Any CPU.ActiveCfg = Debug|Any CPU
		{92D26D2F-3408-481F-AB6F-4485B40A114B}.Debug|Any CPU.Build.0 = Debug|Any CPU
		{92D26D2F-3408-481F-AB6F-4485B40A114B}.Debug|Mixed Platforms.ActiveCfg = Debug|Any CPU
		{92D26D2F-3408-481F-AB6F-4485B40A114B}.Debug|Mixed Platforms.Build.0 = Debug|Any CPU
		{92D26D2F-3408-481F-AB6F-4485B40A114B}.Debug|x86.ActiveCfg = Debug|Any CPU
		{92D26D2F-3408-481F-AB6F-4485B40A114B}.MP11|Any CPU.ActiveCfg = Release|Any CPU
		{92D26D2F-3408-481F-AB6F-4485B40A114B}.MP11|Any CPU.Build.0 = Release|Any CPU
		{92D26D2F-3408-481F-AB6F-4485B40A114B}.MP11|Mixed Platforms.ActiveCfg = Release|Any CPU
		{92D26D2F-3408-481F-AB6F-4485B40A114B}.MP11|Mixed Platforms.Build.0 = Release|Any CPU
		{92D26D2F-3408-481F-AB6F-4485B40A114B}.MP11|x86.ActiveCfg = Release|Any CPU
		{92D26D2F-3408-481F-AB6F-4485B40A114B}.Release|Any CPU.ActiveCfg = Release|Any CPU
		{92D26D2F-3408-481F-AB6F-4485B40A114B}.Release|Any CPU.Build.0 = Release|Any CPU
		{92D26D2F-3408-481F-AB6F-4485B40A114B}.Release|Mixed Platforms.ActiveCfg = Release|Any CPU
		{92D26D2F-3408-481F-AB6F-4485B40A114B}.Release|Mixed Platforms.Build.0 = Release|Any CPU
		{92D26D2F-3408-481F-AB6F-4485B40A114B}.Release|x86.ActiveCfg = Release|Any CPU
		{F094B1D9-4437-4D90-AC09-A7CA1F990200}.Debug|Any CPU.ActiveCfg = Debug|Any CPU
		{F094B1D9-4437-4D90-AC09-A7CA1F990200}.Debug|Any CPU.Build.0 = Debug|Any CPU
		{F094B1D9-4437-4D90-AC09-A7CA1F990200}.Debug|Mixed Platforms.ActiveCfg = Debug|Any CPU
		{F094B1D9-4437-4D90-AC09-A7CA1F990200}.Debug|Mixed Platforms.Build.0 = Debug|Any CPU
		{F094B1D9-4437-4D90-AC09-A7CA1F990200}.Debug|x86.ActiveCfg = Debug|Any CPU
		{F094B1D9-4437-4D90-AC09-A7CA1F990200}.MP11|Any CPU.ActiveCfg = Release|Any CPU
		{F094B1D9-4437-4D90-AC09-A7CA1F990200}.MP11|Any CPU.Build.0 = Release|Any CPU
		{F094B1D9-4437-4D90-AC09-A7CA1F990200}.MP11|Mixed Platforms.ActiveCfg = Release|Any CPU
		{F094B1D9-4437-4D90-AC09-A7CA1F990200}.MP11|Mixed Platforms.Build.0 = Release|Any CPU
		{F094B1D9-4437-4D90-AC09-A7CA1F990200}.MP11|x86.ActiveCfg = Release|Any CPU
		{F094B1D9-4437-4D90-AC09-A7CA1F990200}.Release|Any CPU.ActiveCfg = Release|Any CPU
		{F094B1D9-4437-4D90-AC09-A7CA1F990200}.Release|Any CPU.Build.0 = Release|Any CPU
		{F094B1D9-4437-4D90-AC09-A7CA1F990200}.Release|Mixed Platforms.ActiveCfg = Release|Any CPU
		{F094B1D9-4437-4D90-AC09-A7CA1F990200}.Release|Mixed Platforms.Build.0 = Release|Any CPU
		{F094B1D9-4437-4D90-AC09-A7CA1F990200}.Release|x86.ActiveCfg = Release|Any CPU
		{626487BA-7E28-4584-BC9F-46CEFB3FDE93}.Debug|Any CPU.ActiveCfg = Debug|Any CPU
		{626487BA-7E28-4584-BC9F-46CEFB3FDE93}.Debug|Any CPU.Build.0 = Debug|Any CPU
		{626487BA-7E28-4584-BC9F-46CEFB3FDE93}.Debug|Mixed Platforms.ActiveCfg = Debug|Any CPU
		{626487BA-7E28-4584-BC9F-46CEFB3FDE93}.Debug|Mixed Platforms.Build.0 = Debug|Any CPU
		{626487BA-7E28-4584-BC9F-46CEFB3FDE93}.Debug|x86.ActiveCfg = Debug|Any CPU
		{626487BA-7E28-4584-BC9F-46CEFB3FDE93}.MP11|Any CPU.ActiveCfg = Release|Any CPU
		{626487BA-7E28-4584-BC9F-46CEFB3FDE93}.MP11|Any CPU.Build.0 = Release|Any CPU
		{626487BA-7E28-4584-BC9F-46CEFB3FDE93}.MP11|Mixed Platforms.ActiveCfg = Release|Any CPU
		{626487BA-7E28-4584-BC9F-46CEFB3FDE93}.MP11|Mixed Platforms.Build.0 = Release|Any CPU
		{626487BA-7E28-4584-BC9F-46CEFB3FDE93}.MP11|x86.ActiveCfg = Release|Any CPU
		{626487BA-7E28-4584-BC9F-46CEFB3FDE93}.Release|Any CPU.ActiveCfg = Release|Any CPU
		{626487BA-7E28-4584-BC9F-46CEFB3FDE93}.Release|Any CPU.Build.0 = Release|Any CPU
		{626487BA-7E28-4584-BC9F-46CEFB3FDE93}.Release|Mixed Platforms.ActiveCfg = Release|Any CPU
		{626487BA-7E28-4584-BC9F-46CEFB3FDE93}.Release|Mixed Platforms.Build.0 = Release|Any CPU
		{626487BA-7E28-4584-BC9F-46CEFB3FDE93}.Release|x86.ActiveCfg = Release|Any CPU
		{4DEAA1AF-E356-4588-BCD7-A3AFC8CA1A95}.Debug|Any CPU.ActiveCfg = Debug|Any CPU
		{4DEAA1AF-E356-4588-BCD7-A3AFC8CA1A95}.Debug|Any CPU.Build.0 = Debug|Any CPU
		{4DEAA1AF-E356-4588-BCD7-A3AFC8CA1A95}.Debug|Mixed Platforms.ActiveCfg = Debug|Any CPU
		{4DEAA1AF-E356-4588-BCD7-A3AFC8CA1A95}.Debug|Mixed Platforms.Build.0 = Debug|Any CPU
		{4DEAA1AF-E356-4588-BCD7-A3AFC8CA1A95}.Debug|x86.ActiveCfg = Debug|Any CPU
		{4DEAA1AF-E356-4588-BCD7-A3AFC8CA1A95}.MP11|Any CPU.ActiveCfg = Release|Any CPU
		{4DEAA1AF-E356-4588-BCD7-A3AFC8CA1A95}.MP11|Any CPU.Build.0 = Release|Any CPU
		{4DEAA1AF-E356-4588-BCD7-A3AFC8CA1A95}.MP11|Mixed Platforms.ActiveCfg = Release|Any CPU
		{4DEAA1AF-E356-4588-BCD7-A3AFC8CA1A95}.MP11|Mixed Platforms.Build.0 = Release|Any CPU
		{4DEAA1AF-E356-4588-BCD7-A3AFC8CA1A95}.MP11|x86.ActiveCfg = Release|Any CPU
		{4DEAA1AF-E356-4588-BCD7-A3AFC8CA1A95}.Release|Any CPU.ActiveCfg = Release|Any CPU
		{4DEAA1AF-E356-4588-BCD7-A3AFC8CA1A95}.Release|Any CPU.Build.0 = Release|Any CPU
		{4DEAA1AF-E356-4588-BCD7-A3AFC8CA1A95}.Release|Mixed Platforms.ActiveCfg = Release|Any CPU
		{4DEAA1AF-E356-4588-BCD7-A3AFC8CA1A95}.Release|Mixed Platforms.Build.0 = Release|Any CPU
		{4DEAA1AF-E356-4588-BCD7-A3AFC8CA1A95}.Release|x86.ActiveCfg = Release|Any CPU
		{44C2F4D7-0A9F-48EE-B471-C9110E1D9E58}.Debug|Any CPU.ActiveCfg = Debug|Any CPU
		{44C2F4D7-0A9F-48EE-B471-C9110E1D9E58}.Debug|Any CPU.Build.0 = Debug|Any CPU
		{44C2F4D7-0A9F-48EE-B471-C9110E1D9E58}.Debug|Mixed Platforms.ActiveCfg = Debug|Any CPU
		{44C2F4D7-0A9F-48EE-B471-C9110E1D9E58}.Debug|Mixed Platforms.Build.0 = Debug|Any CPU
		{44C2F4D7-0A9F-48EE-B471-C9110E1D9E58}.Debug|x86.ActiveCfg = Debug|Any CPU
		{44C2F4D7-0A9F-48EE-B471-C9110E1D9E58}.MP11|Any CPU.ActiveCfg = Release|Any CPU
		{44C2F4D7-0A9F-48EE-B471-C9110E1D9E58}.MP11|Any CPU.Build.0 = Release|Any CPU
		{44C2F4D7-0A9F-48EE-B471-C9110E1D9E58}.MP11|Mixed Platforms.ActiveCfg = Release|Any CPU
		{44C2F4D7-0A9F-48EE-B471-C9110E1D9E58}.MP11|Mixed Platforms.Build.0 = Release|Any CPU
		{44C2F4D7-0A9F-48EE-B471-C9110E1D9E58}.MP11|x86.ActiveCfg = Release|Any CPU
		{44C2F4D7-0A9F-48EE-B471-C9110E1D9E58}.Release|Any CPU.ActiveCfg = Release|Any CPU
		{44C2F4D7-0A9F-48EE-B471-C9110E1D9E58}.Release|Any CPU.Build.0 = Release|Any CPU
		{44C2F4D7-0A9F-48EE-B471-C9110E1D9E58}.Release|Mixed Platforms.ActiveCfg = Release|Any CPU
		{44C2F4D7-0A9F-48EE-B471-C9110E1D9E58}.Release|Mixed Platforms.Build.0 = Release|Any CPU
		{44C2F4D7-0A9F-48EE-B471-C9110E1D9E58}.Release|x86.ActiveCfg = Release|Any CPU
		{968E5881-C9E0-499C-BF04-01AB1DF49FBB}.Debug|Any CPU.ActiveCfg = Debug|Any CPU
		{968E5881-C9E0-499C-BF04-01AB1DF49FBB}.Debug|Any CPU.Build.0 = Debug|Any CPU
		{968E5881-C9E0-499C-BF04-01AB1DF49FBB}.Debug|Mixed Platforms.ActiveCfg = Debug|Any CPU
		{968E5881-C9E0-499C-BF04-01AB1DF49FBB}.Debug|Mixed Platforms.Build.0 = Debug|Any CPU
		{968E5881-C9E0-499C-BF04-01AB1DF49FBB}.Debug|x86.ActiveCfg = Debug|Any CPU
		{968E5881-C9E0-499C-BF04-01AB1DF49FBB}.MP11|Any CPU.ActiveCfg = Release|Any CPU
		{968E5881-C9E0-499C-BF04-01AB1DF49FBB}.MP11|Any CPU.Build.0 = Release|Any CPU
		{968E5881-C9E0-499C-BF04-01AB1DF49FBB}.MP11|Mixed Platforms.ActiveCfg = Release|Any CPU
		{968E5881-C9E0-499C-BF04-01AB1DF49FBB}.MP11|Mixed Platforms.Build.0 = Release|Any CPU
		{968E5881-C9E0-499C-BF04-01AB1DF49FBB}.MP11|x86.ActiveCfg = Release|Any CPU
		{968E5881-C9E0-499C-BF04-01AB1DF49FBB}.Release|Any CPU.ActiveCfg = Release|Any CPU
		{968E5881-C9E0-499C-BF04-01AB1DF49FBB}.Release|Any CPU.Build.0 = Release|Any CPU
		{968E5881-C9E0-499C-BF04-01AB1DF49FBB}.Release|Mixed Platforms.ActiveCfg = Release|Any CPU
		{968E5881-C9E0-499C-BF04-01AB1DF49FBB}.Release|Mixed Platforms.Build.0 = Release|Any CPU
		{968E5881-C9E0-499C-BF04-01AB1DF49FBB}.Release|x86.ActiveCfg = Release|Any CPU
		{D43B3A93-FDF8-4B5C-8BD0-714FBBF9AF31}.Debug|Any CPU.ActiveCfg = Debug|Any CPU
		{D43B3A93-FDF8-4B5C-8BD0-714FBBF9AF31}.Debug|Any CPU.Build.0 = Debug|Any CPU
		{D43B3A93-FDF8-4B5C-8BD0-714FBBF9AF31}.Debug|Mixed Platforms.ActiveCfg = Debug|Any CPU
		{D43B3A93-FDF8-4B5C-8BD0-714FBBF9AF31}.Debug|Mixed Platforms.Build.0 = Debug|Any CPU
		{D43B3A93-FDF8-4B5C-8BD0-714FBBF9AF31}.Debug|x86.ActiveCfg = Debug|Any CPU
		{D43B3A93-FDF8-4B5C-8BD0-714FBBF9AF31}.MP11|Any CPU.ActiveCfg = Release|Any CPU
		{D43B3A93-FDF8-4B5C-8BD0-714FBBF9AF31}.MP11|Any CPU.Build.0 = Release|Any CPU
		{D43B3A93-FDF8-4B5C-8BD0-714FBBF9AF31}.MP11|Mixed Platforms.ActiveCfg = Release|Any CPU
		{D43B3A93-FDF8-4B5C-8BD0-714FBBF9AF31}.MP11|Mixed Platforms.Build.0 = Release|Any CPU
		{D43B3A93-FDF8-4B5C-8BD0-714FBBF9AF31}.MP11|x86.ActiveCfg = Release|Any CPU
		{D43B3A93-FDF8-4B5C-8BD0-714FBBF9AF31}.Release|Any CPU.ActiveCfg = Release|Any CPU
		{D43B3A93-FDF8-4B5C-8BD0-714FBBF9AF31}.Release|Any CPU.Build.0 = Release|Any CPU
		{D43B3A93-FDF8-4B5C-8BD0-714FBBF9AF31}.Release|Mixed Platforms.ActiveCfg = Release|Any CPU
		{D43B3A93-FDF8-4B5C-8BD0-714FBBF9AF31}.Release|Mixed Platforms.Build.0 = Release|Any CPU
		{D43B3A93-FDF8-4B5C-8BD0-714FBBF9AF31}.Release|x86.ActiveCfg = Release|Any CPU
		{FF136E46-938B-456F-8A54-F5E0B13BA2DC}.Debug|Any CPU.ActiveCfg = Debug|Any CPU
		{FF136E46-938B-456F-8A54-F5E0B13BA2DC}.Debug|Any CPU.Build.0 = Debug|Any CPU
		{FF136E46-938B-456F-8A54-F5E0B13BA2DC}.Debug|Mixed Platforms.ActiveCfg = Debug|Any CPU
		{FF136E46-938B-456F-8A54-F5E0B13BA2DC}.Debug|Mixed Platforms.Build.0 = Debug|Any CPU
		{FF136E46-938B-456F-8A54-F5E0B13BA2DC}.Debug|x86.ActiveCfg = Debug|Any CPU
		{FF136E46-938B-456F-8A54-F5E0B13BA2DC}.MP11|Any CPU.ActiveCfg = Release|Any CPU
		{FF136E46-938B-456F-8A54-F5E0B13BA2DC}.MP11|Any CPU.Build.0 = Release|Any CPU
		{FF136E46-938B-456F-8A54-F5E0B13BA2DC}.MP11|Mixed Platforms.ActiveCfg = Release|Any CPU
		{FF136E46-938B-456F-8A54-F5E0B13BA2DC}.MP11|Mixed Platforms.Build.0 = Release|Any CPU
		{FF136E46-938B-456F-8A54-F5E0B13BA2DC}.MP11|x86.ActiveCfg = Release|Any CPU
		{FF136E46-938B-456F-8A54-F5E0B13BA2DC}.Release|Any CPU.ActiveCfg = Release|Any CPU
		{FF136E46-938B-456F-8A54-F5E0B13BA2DC}.Release|Any CPU.Build.0 = Release|Any CPU
		{FF136E46-938B-456F-8A54-F5E0B13BA2DC}.Release|Mixed Platforms.ActiveCfg = Release|Any CPU
		{FF136E46-938B-456F-8A54-F5E0B13BA2DC}.Release|Mixed Platforms.Build.0 = Release|Any CPU
		{FF136E46-938B-456F-8A54-F5E0B13BA2DC}.Release|x86.ActiveCfg = Release|Any CPU
		{6562D25F-C02C-46B3-BD7C-63090C5CBFA7}.Debug|Any CPU.ActiveCfg = Debug|Any CPU
		{6562D25F-C02C-46B3-BD7C-63090C5CBFA7}.Debug|Any CPU.Build.0 = Debug|Any CPU
		{6562D25F-C02C-46B3-BD7C-63090C5CBFA7}.Debug|Mixed Platforms.ActiveCfg = Debug|Any CPU
		{6562D25F-C02C-46B3-BD7C-63090C5CBFA7}.Debug|Mixed Platforms.Build.0 = Debug|Any CPU
		{6562D25F-C02C-46B3-BD7C-63090C5CBFA7}.Debug|x86.ActiveCfg = Debug|Any CPU
		{6562D25F-C02C-46B3-BD7C-63090C5CBFA7}.MP11|Any CPU.ActiveCfg = Release|Any CPU
		{6562D25F-C02C-46B3-BD7C-63090C5CBFA7}.MP11|Any CPU.Build.0 = Release|Any CPU
		{6562D25F-C02C-46B3-BD7C-63090C5CBFA7}.MP11|Mixed Platforms.ActiveCfg = Release|Any CPU
		{6562D25F-C02C-46B3-BD7C-63090C5CBFA7}.MP11|Mixed Platforms.Build.0 = Release|Any CPU
		{6562D25F-C02C-46B3-BD7C-63090C5CBFA7}.MP11|x86.ActiveCfg = Release|Any CPU
		{6562D25F-C02C-46B3-BD7C-63090C5CBFA7}.Release|Any CPU.ActiveCfg = Release|Any CPU
		{6562D25F-C02C-46B3-BD7C-63090C5CBFA7}.Release|Any CPU.Build.0 = Release|Any CPU
		{6562D25F-C02C-46B3-BD7C-63090C5CBFA7}.Release|Mixed Platforms.ActiveCfg = Release|Any CPU
		{6562D25F-C02C-46B3-BD7C-63090C5CBFA7}.Release|Mixed Platforms.Build.0 = Release|Any CPU
		{6562D25F-C02C-46B3-BD7C-63090C5CBFA7}.Release|x86.ActiveCfg = Release|Any CPU
		{A8B26EC3-664D-4829-A8A4-E72D106E1E69}.Debug|Any CPU.ActiveCfg = Debug|Any CPU
		{A8B26EC3-664D-4829-A8A4-E72D106E1E69}.Debug|Any CPU.Build.0 = Debug|Any CPU
		{A8B26EC3-664D-4829-A8A4-E72D106E1E69}.Debug|Mixed Platforms.ActiveCfg = Debug|Any CPU
		{A8B26EC3-664D-4829-A8A4-E72D106E1E69}.Debug|Mixed Platforms.Build.0 = Debug|Any CPU
		{A8B26EC3-664D-4829-A8A4-E72D106E1E69}.Debug|x86.ActiveCfg = Debug|Any CPU
		{A8B26EC3-664D-4829-A8A4-E72D106E1E69}.MP11|Any CPU.ActiveCfg = Release|Any CPU
		{A8B26EC3-664D-4829-A8A4-E72D106E1E69}.MP11|Any CPU.Build.0 = Release|Any CPU
		{A8B26EC3-664D-4829-A8A4-E72D106E1E69}.MP11|Mixed Platforms.ActiveCfg = Release|Any CPU
		{A8B26EC3-664D-4829-A8A4-E72D106E1E69}.MP11|Mixed Platforms.Build.0 = Release|Any CPU
		{A8B26EC3-664D-4829-A8A4-E72D106E1E69}.MP11|x86.ActiveCfg = Release|Any CPU
		{A8B26EC3-664D-4829-A8A4-E72D106E1E69}.Release|Any CPU.ActiveCfg = Release|Any CPU
		{A8B26EC3-664D-4829-A8A4-E72D106E1E69}.Release|Any CPU.Build.0 = Release|Any CPU
		{A8B26EC3-664D-4829-A8A4-E72D106E1E69}.Release|Mixed Platforms.ActiveCfg = Release|Any CPU
		{A8B26EC3-664D-4829-A8A4-E72D106E1E69}.Release|Mixed Platforms.Build.0 = Release|Any CPU
		{A8B26EC3-664D-4829-A8A4-E72D106E1E69}.Release|x86.ActiveCfg = Release|Any CPU
		{D947C918-476D-45D1-93DC-1216381F5001}.Debug|Any CPU.ActiveCfg = Debug|Any CPU
		{D947C918-476D-45D1-93DC-1216381F5001}.Debug|Any CPU.Build.0 = Debug|Any CPU
		{D947C918-476D-45D1-93DC-1216381F5001}.Debug|Mixed Platforms.ActiveCfg = Debug|Any CPU
		{D947C918-476D-45D1-93DC-1216381F5001}.Debug|Mixed Platforms.Build.0 = Debug|Any CPU
		{D947C918-476D-45D1-93DC-1216381F5001}.Debug|x86.ActiveCfg = Debug|Any CPU
		{D947C918-476D-45D1-93DC-1216381F5001}.MP11|Any CPU.ActiveCfg = Release|Any CPU
		{D947C918-476D-45D1-93DC-1216381F5001}.MP11|Any CPU.Build.0 = Release|Any CPU
		{D947C918-476D-45D1-93DC-1216381F5001}.MP11|Mixed Platforms.ActiveCfg = Release|Any CPU
		{D947C918-476D-45D1-93DC-1216381F5001}.MP11|Mixed Platforms.Build.0 = Release|Any CPU
		{D947C918-476D-45D1-93DC-1216381F5001}.MP11|x86.ActiveCfg = Release|Any CPU
		{D947C918-476D-45D1-93DC-1216381F5001}.Release|Any CPU.ActiveCfg = Release|Any CPU
		{D947C918-476D-45D1-93DC-1216381F5001}.Release|Any CPU.Build.0 = Release|Any CPU
		{D947C918-476D-45D1-93DC-1216381F5001}.Release|Mixed Platforms.ActiveCfg = Release|Any CPU
		{D947C918-476D-45D1-93DC-1216381F5001}.Release|Mixed Platforms.Build.0 = Release|Any CPU
		{D947C918-476D-45D1-93DC-1216381F5001}.Release|x86.ActiveCfg = Release|Any CPU
		{59C03F73-0B0E-4DDE-9C34-788BD7DADC5E}.Debug|Any CPU.ActiveCfg = Debug|Any CPU
		{59C03F73-0B0E-4DDE-9C34-788BD7DADC5E}.Debug|Any CPU.Build.0 = Debug|Any CPU
		{59C03F73-0B0E-4DDE-9C34-788BD7DADC5E}.Debug|Mixed Platforms.ActiveCfg = Debug|Any CPU
		{59C03F73-0B0E-4DDE-9C34-788BD7DADC5E}.Debug|Mixed Platforms.Build.0 = Debug|Any CPU
		{59C03F73-0B0E-4DDE-9C34-788BD7DADC5E}.Debug|x86.ActiveCfg = Debug|Any CPU
		{59C03F73-0B0E-4DDE-9C34-788BD7DADC5E}.MP11|Any CPU.ActiveCfg = Release|Any CPU
		{59C03F73-0B0E-4DDE-9C34-788BD7DADC5E}.MP11|Any CPU.Build.0 = Release|Any CPU
		{59C03F73-0B0E-4DDE-9C34-788BD7DADC5E}.MP11|Mixed Platforms.ActiveCfg = Release|Any CPU
		{59C03F73-0B0E-4DDE-9C34-788BD7DADC5E}.MP11|Mixed Platforms.Build.0 = Release|Any CPU
		{59C03F73-0B0E-4DDE-9C34-788BD7DADC5E}.MP11|x86.ActiveCfg = Release|Any CPU
		{59C03F73-0B0E-4DDE-9C34-788BD7DADC5E}.Release|Any CPU.ActiveCfg = Release|Any CPU
		{59C03F73-0B0E-4DDE-9C34-788BD7DADC5E}.Release|Any CPU.Build.0 = Release|Any CPU
		{59C03F73-0B0E-4DDE-9C34-788BD7DADC5E}.Release|Mixed Platforms.ActiveCfg = Release|Any CPU
		{59C03F73-0B0E-4DDE-9C34-788BD7DADC5E}.Release|Mixed Platforms.Build.0 = Release|Any CPU
		{59C03F73-0B0E-4DDE-9C34-788BD7DADC5E}.Release|x86.ActiveCfg = Release|Any CPU
		{022D3A7F-676E-4741-95D3-6E5D0223BFE4}.Debug|Any CPU.ActiveCfg = Debug|Any CPU
		{022D3A7F-676E-4741-95D3-6E5D0223BFE4}.Debug|Any CPU.Build.0 = Debug|Any CPU
		{022D3A7F-676E-4741-95D3-6E5D0223BFE4}.Debug|Mixed Platforms.ActiveCfg = Debug|Any CPU
		{022D3A7F-676E-4741-95D3-6E5D0223BFE4}.Debug|Mixed Platforms.Build.0 = Debug|Any CPU
		{022D3A7F-676E-4741-95D3-6E5D0223BFE4}.Debug|x86.ActiveCfg = Debug|Any CPU
		{022D3A7F-676E-4741-95D3-6E5D0223BFE4}.MP11|Any CPU.ActiveCfg = Release|Any CPU
		{022D3A7F-676E-4741-95D3-6E5D0223BFE4}.MP11|Any CPU.Build.0 = Release|Any CPU
		{022D3A7F-676E-4741-95D3-6E5D0223BFE4}.MP11|Mixed Platforms.ActiveCfg = Release|Any CPU
		{022D3A7F-676E-4741-95D3-6E5D0223BFE4}.MP11|Mixed Platforms.Build.0 = Release|Any CPU
		{022D3A7F-676E-4741-95D3-6E5D0223BFE4}.MP11|x86.ActiveCfg = Release|Any CPU
		{022D3A7F-676E-4741-95D3-6E5D0223BFE4}.Release|Any CPU.ActiveCfg = Release|Any CPU
		{022D3A7F-676E-4741-95D3-6E5D0223BFE4}.Release|Any CPU.Build.0 = Release|Any CPU
		{022D3A7F-676E-4741-95D3-6E5D0223BFE4}.Release|Mixed Platforms.ActiveCfg = Release|Any CPU
		{022D3A7F-676E-4741-95D3-6E5D0223BFE4}.Release|Mixed Platforms.Build.0 = Release|Any CPU
		{022D3A7F-676E-4741-95D3-6E5D0223BFE4}.Release|x86.ActiveCfg = Release|Any CPU
		{3B158828-6940-4A5F-A6B6-23A7FD6CD524}.Debug|Any CPU.ActiveCfg = Debug|Any CPU
		{3B158828-6940-4A5F-A6B6-23A7FD6CD524}.Debug|Any CPU.Build.0 = Debug|Any CPU
		{3B158828-6940-4A5F-A6B6-23A7FD6CD524}.Debug|Mixed Platforms.ActiveCfg = Debug|Any CPU
		{3B158828-6940-4A5F-A6B6-23A7FD6CD524}.Debug|Mixed Platforms.Build.0 = Debug|Any CPU
		{3B158828-6940-4A5F-A6B6-23A7FD6CD524}.Debug|x86.ActiveCfg = Debug|Any CPU
		{3B158828-6940-4A5F-A6B6-23A7FD6CD524}.MP11|Any CPU.ActiveCfg = Release|Any CPU
		{3B158828-6940-4A5F-A6B6-23A7FD6CD524}.MP11|Any CPU.Build.0 = Release|Any CPU
		{3B158828-6940-4A5F-A6B6-23A7FD6CD524}.MP11|Mixed Platforms.ActiveCfg = Release|Any CPU
		{3B158828-6940-4A5F-A6B6-23A7FD6CD524}.MP11|Mixed Platforms.Build.0 = Release|Any CPU
		{3B158828-6940-4A5F-A6B6-23A7FD6CD524}.MP11|x86.ActiveCfg = Release|Any CPU
		{3B158828-6940-4A5F-A6B6-23A7FD6CD524}.Release|Any CPU.ActiveCfg = Release|Any CPU
		{3B158828-6940-4A5F-A6B6-23A7FD6CD524}.Release|Any CPU.Build.0 = Release|Any CPU
		{3B158828-6940-4A5F-A6B6-23A7FD6CD524}.Release|Mixed Platforms.ActiveCfg = Release|Any CPU
		{3B158828-6940-4A5F-A6B6-23A7FD6CD524}.Release|Mixed Platforms.Build.0 = Release|Any CPU
		{3B158828-6940-4A5F-A6B6-23A7FD6CD524}.Release|x86.ActiveCfg = Release|Any CPU
		{F66C55CD-EF36-470E-AAA7-EC62D5DCFF36}.Debug|Any CPU.ActiveCfg = Debug|Any CPU
		{F66C55CD-EF36-470E-AAA7-EC62D5DCFF36}.Debug|Any CPU.Build.0 = Debug|Any CPU
		{F66C55CD-EF36-470E-AAA7-EC62D5DCFF36}.Debug|Mixed Platforms.ActiveCfg = Debug|Any CPU
		{F66C55CD-EF36-470E-AAA7-EC62D5DCFF36}.Debug|Mixed Platforms.Build.0 = Debug|Any CPU
		{F66C55CD-EF36-470E-AAA7-EC62D5DCFF36}.Debug|x86.ActiveCfg = Debug|Any CPU
		{F66C55CD-EF36-470E-AAA7-EC62D5DCFF36}.MP11|Any CPU.ActiveCfg = Release|Any CPU
		{F66C55CD-EF36-470E-AAA7-EC62D5DCFF36}.MP11|Any CPU.Build.0 = Release|Any CPU
		{F66C55CD-EF36-470E-AAA7-EC62D5DCFF36}.MP11|Mixed Platforms.ActiveCfg = Release|Any CPU
		{F66C55CD-EF36-470E-AAA7-EC62D5DCFF36}.MP11|Mixed Platforms.Build.0 = Release|Any CPU
		{F66C55CD-EF36-470E-AAA7-EC62D5DCFF36}.MP11|x86.ActiveCfg = Release|Any CPU
		{F66C55CD-EF36-470E-AAA7-EC62D5DCFF36}.Release|Any CPU.ActiveCfg = Release|Any CPU
		{F66C55CD-EF36-470E-AAA7-EC62D5DCFF36}.Release|Any CPU.Build.0 = Release|Any CPU
		{F66C55CD-EF36-470E-AAA7-EC62D5DCFF36}.Release|Mixed Platforms.ActiveCfg = Release|Any CPU
		{F66C55CD-EF36-470E-AAA7-EC62D5DCFF36}.Release|Mixed Platforms.Build.0 = Release|Any CPU
		{F66C55CD-EF36-470E-AAA7-EC62D5DCFF36}.Release|x86.ActiveCfg = Release|Any CPU
		{5E8191F0-FE55-4A22-B3B0-CB9D252B58E4}.Debug|Any CPU.ActiveCfg = Debug|Any CPU
		{5E8191F0-FE55-4A22-B3B0-CB9D252B58E4}.Debug|Any CPU.Build.0 = Debug|Any CPU
		{5E8191F0-FE55-4A22-B3B0-CB9D252B58E4}.Debug|Mixed Platforms.ActiveCfg = Debug|Any CPU
		{5E8191F0-FE55-4A22-B3B0-CB9D252B58E4}.Debug|Mixed Platforms.Build.0 = Debug|Any CPU
		{5E8191F0-FE55-4A22-B3B0-CB9D252B58E4}.Debug|x86.ActiveCfg = Debug|Any CPU
		{5E8191F0-FE55-4A22-B3B0-CB9D252B58E4}.MP11|Any CPU.ActiveCfg = Release|Any CPU
		{5E8191F0-FE55-4A22-B3B0-CB9D252B58E4}.MP11|Any CPU.Build.0 = Release|Any CPU
		{5E8191F0-FE55-4A22-B3B0-CB9D252B58E4}.MP11|Mixed Platforms.ActiveCfg = Release|Any CPU
		{5E8191F0-FE55-4A22-B3B0-CB9D252B58E4}.MP11|Mixed Platforms.Build.0 = Release|Any CPU
		{5E8191F0-FE55-4A22-B3B0-CB9D252B58E4}.MP11|x86.ActiveCfg = Release|Any CPU
		{5E8191F0-FE55-4A22-B3B0-CB9D252B58E4}.Release|Any CPU.ActiveCfg = Release|Any CPU
		{5E8191F0-FE55-4A22-B3B0-CB9D252B58E4}.Release|Any CPU.Build.0 = Release|Any CPU
		{5E8191F0-FE55-4A22-B3B0-CB9D252B58E4}.Release|Mixed Platforms.ActiveCfg = Release|Any CPU
		{5E8191F0-FE55-4A22-B3B0-CB9D252B58E4}.Release|Mixed Platforms.Build.0 = Release|Any CPU
		{5E8191F0-FE55-4A22-B3B0-CB9D252B58E4}.Release|x86.ActiveCfg = Release|Any CPU
		{D01E921D-961C-41E6-B8DD-B811F5BC5A76}.Debug|Any CPU.ActiveCfg = Debug|Any CPU
		{D01E921D-961C-41E6-B8DD-B811F5BC5A76}.Debug|Any CPU.Build.0 = Debug|Any CPU
		{D01E921D-961C-41E6-B8DD-B811F5BC5A76}.Debug|Mixed Platforms.ActiveCfg = Debug|Any CPU
		{D01E921D-961C-41E6-B8DD-B811F5BC5A76}.Debug|Mixed Platforms.Build.0 = Debug|Any CPU
		{D01E921D-961C-41E6-B8DD-B811F5BC5A76}.Debug|x86.ActiveCfg = Debug|Any CPU
		{D01E921D-961C-41E6-B8DD-B811F5BC5A76}.MP11|Any CPU.ActiveCfg = Release|Any CPU
		{D01E921D-961C-41E6-B8DD-B811F5BC5A76}.MP11|Any CPU.Build.0 = Release|Any CPU
		{D01E921D-961C-41E6-B8DD-B811F5BC5A76}.MP11|Mixed Platforms.ActiveCfg = Release|Any CPU
		{D01E921D-961C-41E6-B8DD-B811F5BC5A76}.MP11|Mixed Platforms.Build.0 = Release|Any CPU
		{D01E921D-961C-41E6-B8DD-B811F5BC5A76}.MP11|x86.ActiveCfg = Release|Any CPU
		{D01E921D-961C-41E6-B8DD-B811F5BC5A76}.Release|Any CPU.ActiveCfg = Release|Any CPU
		{D01E921D-961C-41E6-B8DD-B811F5BC5A76}.Release|Any CPU.Build.0 = Release|Any CPU
		{D01E921D-961C-41E6-B8DD-B811F5BC5A76}.Release|Mixed Platforms.ActiveCfg = Release|Any CPU
		{D01E921D-961C-41E6-B8DD-B811F5BC5A76}.Release|Mixed Platforms.Build.0 = Release|Any CPU
		{D01E921D-961C-41E6-B8DD-B811F5BC5A76}.Release|x86.ActiveCfg = Release|Any CPU
		{E6000721-B061-4692-9BBB-652DD9E82B34}.Debug|Any CPU.ActiveCfg = Debug|Any CPU
		{E6000721-B061-4692-9BBB-652DD9E82B34}.Debug|Any CPU.Build.0 = Debug|Any CPU
		{E6000721-B061-4692-9BBB-652DD9E82B34}.Debug|Mixed Platforms.ActiveCfg = Debug|Any CPU
		{E6000721-B061-4692-9BBB-652DD9E82B34}.Debug|Mixed Platforms.Build.0 = Debug|Any CPU
		{E6000721-B061-4692-9BBB-652DD9E82B34}.Debug|x86.ActiveCfg = Debug|Any CPU
		{E6000721-B061-4692-9BBB-652DD9E82B34}.MP11|Any CPU.ActiveCfg = Release|Any CPU
		{E6000721-B061-4692-9BBB-652DD9E82B34}.MP11|Any CPU.Build.0 = Release|Any CPU
		{E6000721-B061-4692-9BBB-652DD9E82B34}.MP11|Mixed Platforms.ActiveCfg = Release|Any CPU
		{E6000721-B061-4692-9BBB-652DD9E82B34}.MP11|Mixed Platforms.Build.0 = Release|Any CPU
		{E6000721-B061-4692-9BBB-652DD9E82B34}.MP11|x86.ActiveCfg = Release|Any CPU
		{E6000721-B061-4692-9BBB-652DD9E82B34}.Release|Any CPU.ActiveCfg = Release|Any CPU
		{E6000721-B061-4692-9BBB-652DD9E82B34}.Release|Any CPU.Build.0 = Release|Any CPU
		{E6000721-B061-4692-9BBB-652DD9E82B34}.Release|Mixed Platforms.ActiveCfg = Release|Any CPU
		{E6000721-B061-4692-9BBB-652DD9E82B34}.Release|Mixed Platforms.Build.0 = Release|Any CPU
		{E6000721-B061-4692-9BBB-652DD9E82B34}.Release|x86.ActiveCfg = Release|Any CPU
	EndGlobalSection
	GlobalSection(SolutionProperties) = preSolution
		HideSolutionNode = FALSE
	EndGlobalSection
	GlobalSection(NestedProjects) = preSolution
		{D05B2288-6732-4211-9931-29C8511DC32F} = {31381D5E-1B68-409A-9EBE-1E5480FEE7D4}
		{1DCE9E7A-4B28-4B38-B0F7-909E1F089F4A} = {31381D5E-1B68-409A-9EBE-1E5480FEE7D4}
		{92D26D2F-3408-481F-AB6F-4485B40A114B} = {31381D5E-1B68-409A-9EBE-1E5480FEE7D4}
		{F094B1D9-4437-4D90-AC09-A7CA1F990200} = {31381D5E-1B68-409A-9EBE-1E5480FEE7D4}
		{626487BA-7E28-4584-BC9F-46CEFB3FDE93} = {31381D5E-1B68-409A-9EBE-1E5480FEE7D4}
		{4DEAA1AF-E356-4588-BCD7-A3AFC8CA1A95} = {31381D5E-1B68-409A-9EBE-1E5480FEE7D4}
		{44C2F4D7-0A9F-48EE-B471-C9110E1D9E58} = {31381D5E-1B68-409A-9EBE-1E5480FEE7D4}
		{968E5881-C9E0-499C-BF04-01AB1DF49FBB} = {31381D5E-1B68-409A-9EBE-1E5480FEE7D4}
		{D43B3A93-FDF8-4B5C-8BD0-714FBBF9AF31} = {31381D5E-1B68-409A-9EBE-1E5480FEE7D4}
		{FF136E46-938B-456F-8A54-F5E0B13BA2DC} = {31381D5E-1B68-409A-9EBE-1E5480FEE7D4}
		{6562D25F-C02C-46B3-BD7C-63090C5CBFA7} = {31381D5E-1B68-409A-9EBE-1E5480FEE7D4}
		{A8B26EC3-664D-4829-A8A4-E72D106E1E69} = {31381D5E-1B68-409A-9EBE-1E5480FEE7D4}
		{D947C918-476D-45D1-93DC-1216381F5001} = {31381D5E-1B68-409A-9EBE-1E5480FEE7D4}
		{59C03F73-0B0E-4DDE-9C34-788BD7DADC5E} = {31381D5E-1B68-409A-9EBE-1E5480FEE7D4}
		{022D3A7F-676E-4741-95D3-6E5D0223BFE4} = {31381D5E-1B68-409A-9EBE-1E5480FEE7D4}
		{3B158828-6940-4A5F-A6B6-23A7FD6CD524} = {31381D5E-1B68-409A-9EBE-1E5480FEE7D4}
		{F66C55CD-EF36-470E-AAA7-EC62D5DCFF36} = {31381D5E-1B68-409A-9EBE-1E5480FEE7D4}
		{5E8191F0-FE55-4A22-B3B0-CB9D252B58E4} = {31381D5E-1B68-409A-9EBE-1E5480FEE7D4}
		{D01E921D-961C-41E6-B8DD-B811F5BC5A76} = {31381D5E-1B68-409A-9EBE-1E5480FEE7D4}
		{E6000721-B061-4692-9BBB-652DD9E82B34} = {31381D5E-1B68-409A-9EBE-1E5480FEE7D4}
	EndGlobalSection
EndGlobal
