
Microsoft Visual Studio Solution File, Format Version 11.00
# Visual Studio 2010
Project("{8BC9CEB8-8B4A-11D0-8D11-00A0C91BC942}") = "libcurl", "libcurl\libcurl.vcxproj", "{B25D4555-F218-410A-A37E-176A17996325}"
	ProjectSection(ProjectDependencies) = postProject
		{BE26DC02-05AE-4B2E-ACEF-E3BF39BF31BC} = {BE26DC02-05AE-4B2E-ACEF-E3BF39BF31BC}
		{BDA0CC2F-E51F-4CD0-AE70-D6073C120026} = {BDA0CC2F-E51F-4CD0-AE70-D6073C120026}
	EndProjectSection
EndProject
Project("{8BC9CEB8-8B4A-11D0-8D11-00A0C91BC942}") = "libssh2", "libssh2\libssh2.vcxproj", "{BE26DC02-05AE-4B2E-ACEF-E3BF39BF31BC}"
	ProjectSection(ProjectDependencies) = postProject
		{689B8880-334C-4BEB-8CBA-D512E2F24545} = {689B8880-334C-4BEB-8CBA-D512E2F24545}
	EndProjectSection
EndProject
Project("{8BC9CEB8-8B4A-11D0-8D11-00A0C91BC942}") = "librtmp", "librtmp\librtmp.vcxproj", "{BDA0CC2F-E51F-4CD0-AE70-D6073C120026}"
	ProjectSection(ProjectDependencies) = postProject
		{689B8880-334C-4BEB-8CBA-D512E2F24545} = {689B8880-334C-4BEB-8CBA-D512E2F24545}
	EndProjectSection
EndProject
Project("{8BC9CEB8-8B4A-11D0-8D11-00A0C91BC942}") = "zlib", "zlib\zlib.vcxproj", "{689B8880-334C-4BEB-8CBA-D512E2F24545}"
EndProject
Project("{8BC9CEB8-8B4A-11D0-8D11-00A0C91BC942}") = "Demuxers", "MPUrlSourceSplitter\Demuxers\Demuxers.vcxproj", "{E2012DB5-33CB-44A7-B521-04287F6D0D80}"
EndProject
Project("{8BC9CEB8-8B4A-11D0-8D11-00A0C91BC942}") = "DSUtilLite", "common\DSUtilLite\DSUtilLite.vcxproj", "{0A058024-41F4-4509-97D2-803A1806CE86}"
EndProject
Project("{8BC9CEB8-8B4A-11D0-8D11-00A0C91BC942}") = "MPUrlSourceSplitter", "MPUrlSourceSplitter\LAVSplitter\LAVSplitter.vcxproj", "{F475F86F-3F7F-4B1D-82A6-078339F599FD}"
	ProjectSection(ProjectDependencies) = postProject
		{0A058024-41F4-4509-97D2-803A1806CE86} = {0A058024-41F4-4509-97D2-803A1806CE86}
		{B25D4555-F218-410A-A37E-176A17996325} = {B25D4555-F218-410A-A37E-176A17996325}
		{E2012DB5-33CB-44A7-B521-04287F6D0D80} = {E2012DB5-33CB-44A7-B521-04287F6D0D80}
	EndProjectSection
EndProject
Project("{8BC9CEB8-8B4A-11D0-8D11-00A0C91BC942}") = "MPUrlSourceSplitter_Parser_Asx", "MPUrlSourceSplitter\MPUrlSourceSplitter_Parser_Asx\MPUrlSourceSplitter_Parser_Asx.vcxproj", "{EE404965-E07C-42BE-B006-AC972AB3ED2E}"
	ProjectSection(ProjectDependencies) = postProject
		{F475F86F-3F7F-4B1D-82A6-078339F599FD} = {F475F86F-3F7F-4B1D-82A6-078339F599FD}
	EndProjectSection
EndProject
Project("{8BC9CEB8-8B4A-11D0-8D11-00A0C91BC942}") = "MPUrlSourceSplitter_Protocol_File", "MPUrlSourceSplitter\MPUrlSourceSplitter_Protocol_File\MPUrlSourceSplitter_Protocol_File.vcxproj", "{4215E997-3CF4-45DA-87D5-7FD5CBDC3078}"
	ProjectSection(ProjectDependencies) = postProject
		{F475F86F-3F7F-4B1D-82A6-078339F599FD} = {F475F86F-3F7F-4B1D-82A6-078339F599FD}
	EndProjectSection
EndProject
Project("{8BC9CEB8-8B4A-11D0-8D11-00A0C91BC942}") = "MPUrlSourceSplitter_Protocol_Http", "MPUrlSourceSplitter\MPUrlSourceSplitter_Protocol_Http\MPUrlSourceSplitter_Protocol_Http.vcxproj", "{87E58044-FF74-4E9D-B592-83619028C485}"
	ProjectSection(ProjectDependencies) = postProject
		{B25D4555-F218-410A-A37E-176A17996325} = {B25D4555-F218-410A-A37E-176A17996325}
		{F475F86F-3F7F-4B1D-82A6-078339F599FD} = {F475F86F-3F7F-4B1D-82A6-078339F599FD}
	EndProjectSection
EndProject
Project("{8BC9CEB8-8B4A-11D0-8D11-00A0C91BC942}") = "MPUrlSourceSplitter_Protocol_Rtmp", "MPUrlSourceSplitter\MPUrlSourceSplitter_Protocol_Rtmp\MPUrlSourceSplitter_Protocol_Rtmp.vcxproj", "{A96533F6-8B52-45A2-864C-FB2239CFEAD5}"
	ProjectSection(ProjectDependencies) = postProject
		{BDA0CC2F-E51F-4CD0-AE70-D6073C120026} = {BDA0CC2F-E51F-4CD0-AE70-D6073C120026}
		{B25D4555-F218-410A-A37E-176A17996325} = {B25D4555-F218-410A-A37E-176A17996325}
		{F475F86F-3F7F-4B1D-82A6-078339F599FD} = {F475F86F-3F7F-4B1D-82A6-078339F599FD}
	EndProjectSection
EndProject
Project("{8BC9CEB8-8B4A-11D0-8D11-00A0C91BC942}") = "MPUrlSourceSplitter_Protocol_Mms", "MPUrlSourceSplitter\MPUrlSourceSplitter_Protocol_Mms\MPUrlSourceSplitter_Protocol_Mms.vcxproj", "{813C8406-5BF8-4B44-A610-A98070E1FDF7}"
	ProjectSection(ProjectDependencies) = postProject
		{B25D4555-F218-410A-A37E-176A17996325} = {B25D4555-F218-410A-A37E-176A17996325}
		{F475F86F-3F7F-4B1D-82A6-078339F599FD} = {F475F86F-3F7F-4B1D-82A6-078339F599FD}
	EndProjectSection
EndProject
Project("{8BC9CEB8-8B4A-11D0-8D11-00A0C91BC942}") = "MPUrlSourceSplitter_Parser_F4M", "MPUrlSourceSplitter\MPUrlSourceSplitter_Parser_F4M\MPUrlSourceSplitter_Parser_F4M.vcxproj", "{E0603B2F-1F50-48F3-9FEA-7A43E96DA390}"
	ProjectSection(ProjectDependencies) = postProject
		{F475F86F-3F7F-4B1D-82A6-078339F599FD} = {F475F86F-3F7F-4B1D-82A6-078339F599FD}
	EndProjectSection
EndProject
Project("{8BC9CEB8-8B4A-11D0-8D11-00A0C91BC942}") = "MPUrlSourceSplitter_Protocol_Afhs", "MPUrlSourceSplitter\MPUrlSourceSplitter_Protocol_Afhs\MPUrlSourceSplitter_Protocol_Afhs.vcxproj", "{FFFC4A1F-C818-4BC9-96D7-4B66F4C863EA}"
	ProjectSection(ProjectDependencies) = postProject
		{B25D4555-F218-410A-A37E-176A17996325} = {B25D4555-F218-410A-A37E-176A17996325}
		{F475F86F-3F7F-4B1D-82A6-078339F599FD} = {F475F86F-3F7F-4B1D-82A6-078339F599FD}
	EndProjectSection
EndProject
Global
	GlobalSection(SolutionConfigurationPlatforms) = preSolution
		Release|Win32 = Release|Win32
	EndGlobalSection
	GlobalSection(ProjectConfigurationPlatforms) = postSolution
		{B25D4555-F218-410A-A37E-176A17996325}.Release|Win32.ActiveCfg = Release|Win32
		{B25D4555-F218-410A-A37E-176A17996325}.Release|Win32.Build.0 = Release|Win32
		{BE26DC02-05AE-4B2E-ACEF-E3BF39BF31BC}.Release|Win32.ActiveCfg = Release|Win32
		{BE26DC02-05AE-4B2E-ACEF-E3BF39BF31BC}.Release|Win32.Build.0 = Release|Win32
		{BDA0CC2F-E51F-4CD0-AE70-D6073C120026}.Release|Win32.ActiveCfg = Release|Win32
		{BDA0CC2F-E51F-4CD0-AE70-D6073C120026}.Release|Win32.Build.0 = Release|Win32
		{689B8880-334C-4BEB-8CBA-D512E2F24545}.Release|Win32.ActiveCfg = Release|Win32
		{689B8880-334C-4BEB-8CBA-D512E2F24545}.Release|Win32.Build.0 = Release|Win32
		{E2012DB5-33CB-44A7-B521-04287F6D0D80}.Release|Win32.ActiveCfg = Release|Win32
		{E2012DB5-33CB-44A7-B521-04287F6D0D80}.Release|Win32.Build.0 = Release|Win32
		{0A058024-41F4-4509-97D2-803A1806CE86}.Release|Win32.ActiveCfg = Release|Win32
		{0A058024-41F4-4509-97D2-803A1806CE86}.Release|Win32.Build.0 = Release|Win32
		{F475F86F-3F7F-4B1D-82A6-078339F599FD}.Release|Win32.ActiveCfg = Release|Win32
		{F475F86F-3F7F-4B1D-82A6-078339F599FD}.Release|Win32.Build.0 = Release|Win32
		{EE404965-E07C-42BE-B006-AC972AB3ED2E}.Release|Win32.ActiveCfg = Release|Win32
		{EE404965-E07C-42BE-B006-AC972AB3ED2E}.Release|Win32.Build.0 = Release|Win32
		{4215E997-3CF4-45DA-87D5-7FD5CBDC3078}.Release|Win32.ActiveCfg = Release|Win32
		{4215E997-3CF4-45DA-87D5-7FD5CBDC3078}.Release|Win32.Build.0 = Release|Win32
		{87E58044-FF74-4E9D-B592-83619028C485}.Release|Win32.ActiveCfg = Release|Win32
		{87E58044-FF74-4E9D-B592-83619028C485}.Release|Win32.Build.0 = Release|Win32
		{A96533F6-8B52-45A2-864C-FB2239CFEAD5}.Release|Win32.ActiveCfg = Release|Win32
		{A96533F6-8B52-45A2-864C-FB2239CFEAD5}.Release|Win32.Build.0 = Release|Win32
		{813C8406-5BF8-4B44-A610-A98070E1FDF7}.Release|Win32.ActiveCfg = Release|Win32
		{813C8406-5BF8-4B44-A610-A98070E1FDF7}.Release|Win32.Build.0 = Release|Win32
		{E0603B2F-1F50-48F3-9FEA-7A43E96DA390}.Release|Win32.ActiveCfg = Release|Win32
		{E0603B2F-1F50-48F3-9FEA-7A43E96DA390}.Release|Win32.Build.0 = Release|Win32
		{FFFC4A1F-C818-4BC9-96D7-4B66F4C863EA}.Release|Win32.ActiveCfg = Release|Win32
		{FFFC4A1F-C818-4BC9-96D7-4B66F4C863EA}.Release|Win32.Build.0 = Release|Win32
	EndGlobalSection
	GlobalSection(SolutionProperties) = preSolution
		HideSolutionNode = FALSE
	EndGlobalSection
EndGlobal
